
Microsoft Visual Studio Solution File, Format Version 12.00
# Visual Studio Version 17
VisualStudioVersion = 17.2.32516.85
MinimumVisualStudioVersion = 10.0.40219.1
Project("{9A19103F-16F7-4668-BE54-9A1E7A4F7556}") = "Mars.Domain", "src\Mars.Domain\Mars.Domain.csproj", "{554AD327-6DBA-4F8F-96F8-81CE7A0C863F}"
EndProject
Project("{9A19103F-16F7-4668-BE54-9A1E7A4F7556}") = "Mars.Application", "src\Mars.Application\Mars.Application.csproj", "{1A94A50E-06DC-43C1-80B5-B662820EC3EB}"
EndProject
Project("{9A19103F-16F7-4668-BE54-9A1E7A4F7556}") = "Mars.EntityFrameworkCore", "src\Mars.EntityFrameworkCore\Mars.EntityFrameworkCore.csproj", "{C956DD76-69C8-4A9C-83EA-D17DF83340FD}"
EndProject
Project("{2150E333-8FDC-42A3-9474-1A3956D46DE8}") = "Src", "Src", "{CA9AC87F-097E-4F15-8393-4BC07735A5B0}"
EndProject
Project("{2150E333-8FDC-42A3-9474-1A3956D46DE8}") = "Test", "Test", "{04DBDB01-70F4-4E06-B468-8F87850B22BE}"
EndProject
Project("{9A19103F-16F7-4668-BE54-9A1E7A4F7556}") = "Mars.Application.Tests", "test\Mars.Application.Tests\Mars.Application.Tests.csproj", "{50B2631D-129C-47B3-A587-029CCD6099BC}"
EndProject
Project("{9A19103F-16F7-4668-BE54-9A1E7A4F7556}") = "Mars.Domain.Shared", "src\Mars.Domain.Shared\Mars.Domain.Shared.csproj", "{42F719ED-8413-4895-B5B4-5AB56079BC66}"
EndProject
Project("{9A19103F-16F7-4668-BE54-9A1E7A4F7556}") = "Mars.Application.Contracts", "src\Mars.Application.Contracts\Mars.Application.Contracts.csproj", "{520659C8-C734-4298-A3DA-B539DB9DFC0B}"
EndProject
Project("{9A19103F-16F7-4668-BE54-9A1E7A4F7556}") = "Mars.HttpApi", "src\Mars.HttpApi\Mars.HttpApi.csproj", "{4164BDF7-F527-4E85-9CE6-E3C2D7426A27}"
EndProject
Project("{9A19103F-16F7-4668-BE54-9A1E7A4F7556}") = "Mars.HttpApi.Client", "src\Mars.HttpApi.Client\Mars.HttpApi.Client.csproj", "{3B5A0094-670D-4BB1-BFDD-61B88A8773DC}"
EndProject
Project("{9A19103F-16F7-4668-BE54-9A1E7A4F7556}") = "Mars.IdentityServer", "src\Mars.IdentityServer\Mars.IdentityServer.csproj", "{073C361E-B8F4-49F5-93CC-72A3FF49C026}"
EndProject
Project("{9A19103F-16F7-4668-BE54-9A1E7A4F7556}") = "Mars.HttpApi.Host", "src\Mars.HttpApi.Host\Mars.HttpApi.Host.csproj", "{E6D5BF0E-DE92-4D82-A352-EF04B37CB11C}"
EndProject
Project("{9A19103F-16F7-4668-BE54-9A1E7A4F7556}") = "Mars.EntityFrameworkCore.Tests", "test\Mars.EntityFrameworkCore.Tests\Mars.EntityFrameworkCore.Tests.csproj", "{1FE30EB9-74A9-47F5-A9F6-7B1FAB672D81}"
EndProject
Project("{9A19103F-16F7-4668-BE54-9A1E7A4F7556}") = "Mars.TestBase", "test\Mars.TestBase\Mars.TestBase.csproj", "{91853F21-9CD9-4132-BC29-A7D5D84FFFE7}"
EndProject
Project("{9A19103F-16F7-4668-BE54-9A1E7A4F7556}") = "Mars.Domain.Tests", "test\Mars.Domain.Tests\Mars.Domain.Tests.csproj", "{E512F4D9-9375-480F-A2F6-A46509F9D824}"
EndProject
Project("{9A19103F-16F7-4668-BE54-9A1E7A4F7556}") = "Mars.HttpApi.Client.ConsoleTestApp", "test\Mars.HttpApi.Client.ConsoleTestApp\Mars.HttpApi.Client.ConsoleTestApp.csproj", "{EF480016-9127-4916-8735-D2466BDBC582}"
EndProject
Project("{9A19103F-16F7-4668-BE54-9A1E7A4F7556}") = "Mars.DbMigrator", "src\Mars.DbMigrator\Mars.DbMigrator.csproj", "{AA94D832-1CCC-4715-95A9-A483F23A1A5D}"
EndProject
Project("{2150E333-8FDC-42A3-9474-1A3956D46DE8}") = "Modules", "Modules", "{17A7F7D4-8E41-4ABA-B5B6-3295A9D9377F}"
EndProject
Project("{2150E333-8FDC-42A3-9474-1A3956D46DE8}") = "Build", "Build", "{D4A6FAEA-D794-47E8-A56C-6D5368F8E16D}"
	ProjectSection(SolutionItems) = preProject
		build\common.props = build\common.props
		build\version.props = build\version.props
	EndProjectSection
EndProject
Project("{2150E333-8FDC-42A3-9474-1A3956D46DE8}") = "Volo.Abp.PermissionManagement", "Volo.Abp.PermissionManagement", "{902D9FE3-7E40-4059-80FE-4F935F8841C0}"
EndProject
Project("{9A19103F-16F7-4668-BE54-9A1E7A4F7556}") = "Volo.Abp.PermissionManagement.Application", "modules\Volo.Abp.PermissionManagement\Volo.Abp.PermissionManagement.Application\Volo.Abp.PermissionManagement.Application.csproj", "{B08FCD1A-62DF-441C-846B-B00FF0939A6D}"
EndProject
Project("{9A19103F-16F7-4668-BE54-9A1E7A4F7556}") = "Volo.Abp.PermissionManagement.Application.Contracts", "modules\Volo.Abp.PermissionManagement\Volo.Abp.PermissionManagement.Application.Contracts\Volo.Abp.PermissionManagement.Application.Contracts.csproj", "{BCB54805-EFED-46E7-84AF-34FD9E52ACBF}"
EndProject
Project("{9A19103F-16F7-4668-BE54-9A1E7A4F7556}") = "Volo.Abp.PermissionManagement.Domain", "modules\Volo.Abp.PermissionManagement\Volo.Abp.PermissionManagement.Domain\Volo.Abp.PermissionManagement.Domain.csproj", "{81972380-A3E3-4C64-B635-67D2F6A59CDB}"
EndProject
Project("{9A19103F-16F7-4668-BE54-9A1E7A4F7556}") = "Volo.Abp.PermissionManagement.Domain.Shared", "modules\Volo.Abp.PermissionManagement\Volo.Abp.PermissionManagement.Domain.Shared\Volo.Abp.PermissionManagement.Domain.Shared.csproj", "{C77DDCFC-E1C5-47BC-9907-D454AEB8A186}"
EndProject
Project("{9A19103F-16F7-4668-BE54-9A1E7A4F7556}") = "Volo.Abp.PermissionManagement.EntityFrameworkCore", "modules\Volo.Abp.PermissionManagement\Volo.Abp.PermissionManagement.EntityFrameworkCore\Volo.Abp.PermissionManagement.EntityFrameworkCore.csproj", "{E6FB380F-02C4-465C-903B-06C1E2189772}"
EndProject
Project("{9A19103F-16F7-4668-BE54-9A1E7A4F7556}") = "Volo.Abp.PermissionManagement.HttpApi", "modules\Volo.Abp.PermissionManagement\Volo.Abp.PermissionManagement.HttpApi\Volo.Abp.PermissionManagement.HttpApi.csproj", "{46D448DE-E181-4F9F-A657-EC2632D8A297}"
EndProject
Project("{9A19103F-16F7-4668-BE54-9A1E7A4F7556}") = "Volo.Abp.PermissionManagement.HttpApi.Client", "modules\Volo.Abp.PermissionManagement\Volo.Abp.PermissionManagement.HttpApi.Client\Volo.Abp.PermissionManagement.HttpApi.Client.csproj", "{4EB953B5-C3AB-4496-A597-6E8407A7B8C7}"
EndProject
Project("{2150E333-8FDC-42A3-9474-1A3956D46DE8}") = "Volo.Abp.TenantManagement", "Volo.Abp.TenantManagement", "{2E07FE25-0C59-452C-A489-358A15C0EA42}"
EndProject
Project("{9A19103F-16F7-4668-BE54-9A1E7A4F7556}") = "Volo.Abp.TenantManagement.Application", "modules\Volo.Abp.TenantManagement\Volo.Abp.TenantManagement.Application\Volo.Abp.TenantManagement.Application.csproj", "{2491EEFC-6EC2-4D87-85D5-A7CAB4641862}"
EndProject
Project("{9A19103F-16F7-4668-BE54-9A1E7A4F7556}") = "Volo.Abp.TenantManagement.Application.Contracts", "modules\Volo.Abp.TenantManagement\Volo.Abp.TenantManagement.Application.Contracts\Volo.Abp.TenantManagement.Application.Contracts.csproj", "{34BC8AAE-95BF-4A4C-AD2E-D77A5CAE2253}"
EndProject
Project("{9A19103F-16F7-4668-BE54-9A1E7A4F7556}") = "Volo.Abp.TenantManagement.Domain", "modules\Volo.Abp.TenantManagement\Volo.Abp.TenantManagement.Domain\Volo.Abp.TenantManagement.Domain.csproj", "{F758FF9B-CA10-406B-8DD2-62251473A127}"
EndProject
Project("{9A19103F-16F7-4668-BE54-9A1E7A4F7556}") = "Volo.Abp.TenantManagement.Domain.Shared", "modules\Volo.Abp.TenantManagement\Volo.Abp.TenantManagement.Domain.Shared\Volo.Abp.TenantManagement.Domain.Shared.csproj", "{39198A9E-B487-46FC-94BD-8396FB44BA82}"
EndProject
Project("{9A19103F-16F7-4668-BE54-9A1E7A4F7556}") = "Volo.Abp.TenantManagement.EntityFrameworkCore", "modules\Volo.Abp.TenantManagement\Volo.Abp.TenantManagement.EntityFrameworkCore\Volo.Abp.TenantManagement.EntityFrameworkCore.csproj", "{B997B7FA-5A0F-477B-B8B0-C023509464C5}"
EndProject
Project("{9A19103F-16F7-4668-BE54-9A1E7A4F7556}") = "Volo.Abp.TenantManagement.HttpApi", "modules\Volo.Abp.TenantManagement\Volo.Abp.TenantManagement.HttpApi\Volo.Abp.TenantManagement.HttpApi.csproj", "{C901285E-D0AD-4F47-9020-F7D94EB67811}"
EndProject
Project("{9A19103F-16F7-4668-BE54-9A1E7A4F7556}") = "Volo.Abp.TenantManagement.HttpApi.Client", "modules\Volo.Abp.TenantManagement\Volo.Abp.TenantManagement.HttpApi.Client\Volo.Abp.TenantManagement.HttpApi.Client.csproj", "{8B1B77E9-8BA0-4D65-B11B-DC6420E362ED}"
EndProject
Project("{2150E333-8FDC-42A3-9474-1A3956D46DE8}") = "Volo.Abp.FeatureManagement", "Volo.Abp.FeatureManagement", "{2E238A69-0710-41DF-B121-2DD99995096F}"
EndProject
Project("{2150E333-8FDC-42A3-9474-1A3956D46DE8}") = "Volo.Abp.SettingManagement", "Volo.Abp.SettingManagement", "{408BCE55-EB3F-4D78-ABCF-A85DA2A55B74}"
EndProject
Project("{9A19103F-16F7-4668-BE54-9A1E7A4F7556}") = "Volo.Abp.FeatureManagement.Application", "modules\Volo.Abp.FeatureManagement\Volo.Abp.FeatureManagement.Application\Volo.Abp.FeatureManagement.Application.csproj", "{E976B4D1-DD8C-47C5-8170-83CF169B85F0}"
EndProject
Project("{9A19103F-16F7-4668-BE54-9A1E7A4F7556}") = "Volo.Abp.FeatureManagement.Application.Contracts", "modules\Volo.Abp.FeatureManagement\Volo.Abp.FeatureManagement.Application.Contracts\Volo.Abp.FeatureManagement.Application.Contracts.csproj", "{A4A5EBA8-F64E-4693-ADA5-84711AD2058E}"
EndProject
Project("{9A19103F-16F7-4668-BE54-9A1E7A4F7556}") = "Volo.Abp.FeatureManagement.Domain", "modules\Volo.Abp.FeatureManagement\Volo.Abp.FeatureManagement.Domain\Volo.Abp.FeatureManagement.Domain.csproj", "{13A11686-357D-4EB1-87CB-C1DF76ABF947}"
EndProject
Project("{9A19103F-16F7-4668-BE54-9A1E7A4F7556}") = "Volo.Abp.FeatureManagement.Domain.Shared", "modules\Volo.Abp.FeatureManagement\Volo.Abp.FeatureManagement.Domain.Shared\Volo.Abp.FeatureManagement.Domain.Shared.csproj", "{8E3303C6-1CB4-4D5A-AD75-A965FB94ED24}"
EndProject
Project("{9A19103F-16F7-4668-BE54-9A1E7A4F7556}") = "Volo.Abp.FeatureManagement.EntityFrameworkCore", "modules\Volo.Abp.FeatureManagement\Volo.Abp.FeatureManagement.EntityFrameworkCore\Volo.Abp.FeatureManagement.EntityFrameworkCore.csproj", "{DDF5A884-AC1E-41A4-80FC-B9C202FE6866}"
EndProject
Project("{9A19103F-16F7-4668-BE54-9A1E7A4F7556}") = "Volo.Abp.FeatureManagement.HttpApi", "modules\Volo.Abp.FeatureManagement\Volo.Abp.FeatureManagement.HttpApi\Volo.Abp.FeatureManagement.HttpApi.csproj", "{11AEDE99-DBF2-41AA-A291-4E63E9515FD3}"
EndProject
Project("{9A19103F-16F7-4668-BE54-9A1E7A4F7556}") = "Volo.Abp.FeatureManagement.HttpApi.Client", "modules\Volo.Abp.FeatureManagement\Volo.Abp.FeatureManagement.HttpApi.Client\Volo.Abp.FeatureManagement.HttpApi.Client.csproj", "{E5D1BC2C-4EE9-4C20-B082-D8A1A1E35F44}"
EndProject
Project("{9A19103F-16F7-4668-BE54-9A1E7A4F7556}") = "Volo.Abp.SettingManagement.Application", "modules\Volo.Abp.SettingManagement\Volo.Abp.SettingManagement.Application\Volo.Abp.SettingManagement.Application.csproj", "{D52D4E3B-6E54-49B1-97F0-3E44AFDF7EFF}"
EndProject
Project("{9A19103F-16F7-4668-BE54-9A1E7A4F7556}") = "Volo.Abp.SettingManagement.Application.Contracts", "modules\Volo.Abp.SettingManagement\Volo.Abp.SettingManagement.Application.Contracts\Volo.Abp.SettingManagement.Application.Contracts.csproj", "{3BE3898F-19A9-41A0-9DDC-267F5A76F37E}"
EndProject
Project("{9A19103F-16F7-4668-BE54-9A1E7A4F7556}") = "Volo.Abp.SettingManagement.Domain", "modules\Volo.Abp.SettingManagement\Volo.Abp.SettingManagement.Domain\Volo.Abp.SettingManagement.Domain.csproj", "{B1D84FFA-0316-45D8-A11D-6894492933B4}"
EndProject
Project("{9A19103F-16F7-4668-BE54-9A1E7A4F7556}") = "Volo.Abp.SettingManagement.Domain.Shared", "modules\Volo.Abp.SettingManagement\Volo.Abp.SettingManagement.Domain.Shared\Volo.Abp.SettingManagement.Domain.Shared.csproj", "{3FBA58BC-DBEE-4704-A3F9-886518DB3743}"
EndProject
Project("{9A19103F-16F7-4668-BE54-9A1E7A4F7556}") = "Volo.Abp.SettingManagement.EntityFrameworkCore", "modules\Volo.Abp.SettingManagement\Volo.Abp.SettingManagement.EntityFrameworkCore\Volo.Abp.SettingManagement.EntityFrameworkCore.csproj", "{80034439-AB9D-4F26-A714-F66BBFE3BAF9}"
EndProject
Project("{9A19103F-16F7-4668-BE54-9A1E7A4F7556}") = "Volo.Abp.SettingManagement.HttpApi", "modules\Volo.Abp.SettingManagement\Volo.Abp.SettingManagement.HttpApi\Volo.Abp.SettingManagement.HttpApi.csproj", "{50AAAB31-1169-4664-87F9-F803C532A2D2}"
EndProject
Project("{9A19103F-16F7-4668-BE54-9A1E7A4F7556}") = "Volo.Abp.SettingManagement.HttpApi.Client", "modules\Volo.Abp.SettingManagement\Volo.Abp.SettingManagement.HttpApi.Client\Volo.Abp.SettingManagement.HttpApi.Client.csproj", "{F66B2E11-0693-4BD3-A3A8-8F8324BD2164}"
EndProject
Project("{2150E333-8FDC-42A3-9474-1A3956D46DE8}") = "Volo.Abp.AuditLogging", "Volo.Abp.AuditLogging", "{B5B8704C-75E5-4576-9777-9B389C7A3CDE}"
EndProject
Project("{9A19103F-16F7-4668-BE54-9A1E7A4F7556}") = "Volo.Abp.AuditLogging.Domain", "modules\Volo.Abp.AuditLogging\Volo.Abp.AuditLogging.Domain\Volo.Abp.AuditLogging.Domain.csproj", "{AB9F72B5-E338-4565-BDDC-302E9664DE4C}"
EndProject
Project("{9A19103F-16F7-4668-BE54-9A1E7A4F7556}") = "Volo.Abp.AuditLogging.Domain.Shared", "modules\Volo.Abp.AuditLogging\Volo.Abp.AuditLogging.Domain.Shared\Volo.Abp.AuditLogging.Domain.Shared.csproj", "{76906CBC-4F7C-4BDF-8899-92B6C30A0179}"
EndProject
Project("{9A19103F-16F7-4668-BE54-9A1E7A4F7556}") = "Volo.Abp.AuditLogging.EntityFrameworkCore", "modules\Volo.Abp.AuditLogging\Volo.Abp.AuditLogging.EntityFrameworkCore\Volo.Abp.AuditLogging.EntityFrameworkCore.csproj", "{48F0FB64-D17C-4DDD-9D74-D3F0682DDE6B}"
EndProject
Project("{2150E333-8FDC-42A3-9474-1A3956D46DE8}") = "Volo.Abp.BackgroundJobs", "Volo.Abp.BackgroundJobs", "{ADDE518D-1E5D-4A04-98B3-56BAE9491EE7}"
EndProject
Project("{9A19103F-16F7-4668-BE54-9A1E7A4F7556}") = "Volo.Abp.BackgroundJobs.Domain", "modules\Volo.Abp.BackgroundJobs\Volo.Abp.BackgroundJobs.Domain\Volo.Abp.BackgroundJobs.Domain.csproj", "{08332A38-B44E-47F2-887D-15BBC30427D6}"
EndProject
Project("{9A19103F-16F7-4668-BE54-9A1E7A4F7556}") = "Volo.Abp.BackgroundJobs.Domain.Shared", "modules\Volo.Abp.BackgroundJobs\Volo.Abp.BackgroundJobs.Domain.Shared\Volo.Abp.BackgroundJobs.Domain.Shared.csproj", "{045CC07D-A18B-4395-AB4B-F92BBBAB77AE}"
EndProject
Project("{9A19103F-16F7-4668-BE54-9A1E7A4F7556}") = "Volo.Abp.BackgroundJobs.EntityFrameworkCore", "modules\Volo.Abp.BackgroundJobs\Volo.Abp.BackgroundJobs.EntityFrameworkCore\Volo.Abp.BackgroundJobs.EntityFrameworkCore.csproj", "{ECCEF7CE-DA97-49AB-8966-4D11F43434A2}"
EndProject
Project("{2150E333-8FDC-42A3-9474-1A3956D46DE8}") = "Volo.Abp.Identity", "Volo.Abp.Identity", "{BD71A533-F6C2-4FAB-BE73-86A1565D183B}"
EndProject
Project("{2150E333-8FDC-42A3-9474-1A3956D46DE8}") = "Volo.Abp.IdentityServer", "Volo.Abp.IdentityServer", "{CCBCEC35-72AE-441E-BCF7-8D82CA3F7D9A}"
EndProject
Project("{9A19103F-16F7-4668-BE54-9A1E7A4F7556}") = "Volo.Abp.Identity.Application", "modules\Volo.Abp.Identity\Volo.Abp.Identity.Application\Volo.Abp.Identity.Application.csproj", "{3685FD34-5ADF-4BA9-826F-59A53CF9D99E}"
EndProject
Project("{9A19103F-16F7-4668-BE54-9A1E7A4F7556}") = "Volo.Abp.Identity.Application.Contracts", "modules\Volo.Abp.Identity\Volo.Abp.Identity.Application.Contracts\Volo.Abp.Identity.Application.Contracts.csproj", "{FB108216-F308-432B-BD6F-601AE22BC4EC}"
EndProject
Project("{9A19103F-16F7-4668-BE54-9A1E7A4F7556}") = "Volo.Abp.Identity.Domain", "modules\Volo.Abp.Identity\Volo.Abp.Identity.Domain\Volo.Abp.Identity.Domain.csproj", "{493F4FC2-4B6F-4F65-AB6B-52AE68E159E5}"
EndProject
Project("{9A19103F-16F7-4668-BE54-9A1E7A4F7556}") = "Volo.Abp.Identity.Domain.Shared", "modules\Volo.Abp.Identity\Volo.Abp.Identity.Domain.Shared\Volo.Abp.Identity.Domain.Shared.csproj", "{EDDE6542-1931-41DB-BA6C-1066A74FE63B}"
EndProject
Project("{9A19103F-16F7-4668-BE54-9A1E7A4F7556}") = "Volo.Abp.Identity.EntityFrameworkCore", "modules\Volo.Abp.Identity\Volo.Abp.Identity.EntityFrameworkCore\Volo.Abp.Identity.EntityFrameworkCore.csproj", "{5DD39EB5-D1B1-4C6C-9CF9-D5FDB4257428}"
EndProject
Project("{9A19103F-16F7-4668-BE54-9A1E7A4F7556}") = "Volo.Abp.Identity.HttpApi", "modules\Volo.Abp.Identity\Volo.Abp.Identity.HttpApi\Volo.Abp.Identity.HttpApi.csproj", "{65F60774-1C45-42A7-93F1-30771BA5053F}"
EndProject
Project("{9A19103F-16F7-4668-BE54-9A1E7A4F7556}") = "Volo.Abp.Identity.HttpApi.Client", "modules\Volo.Abp.Identity\Volo.Abp.Identity.HttpApi.Client\Volo.Abp.Identity.HttpApi.Client.csproj", "{6C3530BE-102F-4A09-B76E-505F40BF69AC}"
EndProject
Project("{9A19103F-16F7-4668-BE54-9A1E7A4F7556}") = "Volo.Abp.IdentityServer.Domain", "modules\Volo.Abp.IdentityServer\Volo.Abp.IdentityServer.Domain\Volo.Abp.IdentityServer.Domain.csproj", "{9ABD571F-D581-475B-B8F0-9CC59A868551}"
EndProject
Project("{9A19103F-16F7-4668-BE54-9A1E7A4F7556}") = "Volo.Abp.IdentityServer.Domain.Shared", "modules\Volo.Abp.IdentityServer\Volo.Abp.IdentityServer.Domain.Shared\Volo.Abp.IdentityServer.Domain.Shared.csproj", "{4807D709-5A59-41C2-8CEB-D9FD1BCD8DEF}"
EndProject
Project("{9A19103F-16F7-4668-BE54-9A1E7A4F7556}") = "Volo.Abp.IdentityServer.EntityFrameworkCore", "modules\Volo.Abp.IdentityServer\Volo.Abp.IdentityServer.EntityFrameworkCore\Volo.Abp.IdentityServer.EntityFrameworkCore.csproj", "{4405E0E5-8936-494A-9349-809FAE3A8082}"
EndProject
Global
	GlobalSection(SolutionConfigurationPlatforms) = preSolution
		Debug|Any CPU = Debug|Any CPU
		Release|Any CPU = Release|Any CPU
	EndGlobalSection
	GlobalSection(ProjectConfigurationPlatforms) = postSolution
		{554AD327-6DBA-4F8F-96F8-81CE7A0C863F}.Debug|Any CPU.ActiveCfg = Debug|Any CPU
		{554AD327-6DBA-4F8F-96F8-81CE7A0C863F}.Debug|Any CPU.Build.0 = Debug|Any CPU
		{554AD327-6DBA-4F8F-96F8-81CE7A0C863F}.Release|Any CPU.ActiveCfg = Release|Any CPU
		{554AD327-6DBA-4F8F-96F8-81CE7A0C863F}.Release|Any CPU.Build.0 = Release|Any CPU
		{1A94A50E-06DC-43C1-80B5-B662820EC3EB}.Debug|Any CPU.ActiveCfg = Debug|Any CPU
		{1A94A50E-06DC-43C1-80B5-B662820EC3EB}.Debug|Any CPU.Build.0 = Debug|Any CPU
		{1A94A50E-06DC-43C1-80B5-B662820EC3EB}.Release|Any CPU.ActiveCfg = Release|Any CPU
		{1A94A50E-06DC-43C1-80B5-B662820EC3EB}.Release|Any CPU.Build.0 = Release|Any CPU
		{C956DD76-69C8-4A9C-83EA-D17DF83340FD}.Debug|Any CPU.ActiveCfg = Debug|Any CPU
		{C956DD76-69C8-4A9C-83EA-D17DF83340FD}.Debug|Any CPU.Build.0 = Debug|Any CPU
		{C956DD76-69C8-4A9C-83EA-D17DF83340FD}.Release|Any CPU.ActiveCfg = Release|Any CPU
		{C956DD76-69C8-4A9C-83EA-D17DF83340FD}.Release|Any CPU.Build.0 = Release|Any CPU
		{50B2631D-129C-47B3-A587-029CCD6099BC}.Debug|Any CPU.ActiveCfg = Debug|Any CPU
		{50B2631D-129C-47B3-A587-029CCD6099BC}.Debug|Any CPU.Build.0 = Debug|Any CPU
		{50B2631D-129C-47B3-A587-029CCD6099BC}.Release|Any CPU.ActiveCfg = Release|Any CPU
		{50B2631D-129C-47B3-A587-029CCD6099BC}.Release|Any CPU.Build.0 = Release|Any CPU
		{42F719ED-8413-4895-B5B4-5AB56079BC66}.Debug|Any CPU.ActiveCfg = Debug|Any CPU
		{42F719ED-8413-4895-B5B4-5AB56079BC66}.Debug|Any CPU.Build.0 = Debug|Any CPU
		{42F719ED-8413-4895-B5B4-5AB56079BC66}.Release|Any CPU.ActiveCfg = Release|Any CPU
		{42F719ED-8413-4895-B5B4-5AB56079BC66}.Release|Any CPU.Build.0 = Release|Any CPU
		{520659C8-C734-4298-A3DA-B539DB9DFC0B}.Debug|Any CPU.ActiveCfg = Debug|Any CPU
		{520659C8-C734-4298-A3DA-B539DB9DFC0B}.Debug|Any CPU.Build.0 = Debug|Any CPU
		{520659C8-C734-4298-A3DA-B539DB9DFC0B}.Release|Any CPU.ActiveCfg = Release|Any CPU
		{520659C8-C734-4298-A3DA-B539DB9DFC0B}.Release|Any CPU.Build.0 = Release|Any CPU
		{4164BDF7-F527-4E85-9CE6-E3C2D7426A27}.Debug|Any CPU.ActiveCfg = Debug|Any CPU
		{4164BDF7-F527-4E85-9CE6-E3C2D7426A27}.Debug|Any CPU.Build.0 = Debug|Any CPU
		{4164BDF7-F527-4E85-9CE6-E3C2D7426A27}.Release|Any CPU.ActiveCfg = Release|Any CPU
		{4164BDF7-F527-4E85-9CE6-E3C2D7426A27}.Release|Any CPU.Build.0 = Release|Any CPU
		{3B5A0094-670D-4BB1-BFDD-61B88A8773DC}.Debug|Any CPU.ActiveCfg = Debug|Any CPU
		{3B5A0094-670D-4BB1-BFDD-61B88A8773DC}.Debug|Any CPU.Build.0 = Debug|Any CPU
		{3B5A0094-670D-4BB1-BFDD-61B88A8773DC}.Release|Any CPU.ActiveCfg = Release|Any CPU
		{3B5A0094-670D-4BB1-BFDD-61B88A8773DC}.Release|Any CPU.Build.0 = Release|Any CPU
		{073C361E-B8F4-49F5-93CC-72A3FF49C026}.Debug|Any CPU.ActiveCfg = Debug|Any CPU
		{073C361E-B8F4-49F5-93CC-72A3FF49C026}.Debug|Any CPU.Build.0 = Debug|Any CPU
		{073C361E-B8F4-49F5-93CC-72A3FF49C026}.Release|Any CPU.ActiveCfg = Release|Any CPU
		{073C361E-B8F4-49F5-93CC-72A3FF49C026}.Release|Any CPU.Build.0 = Release|Any CPU
		{E6D5BF0E-DE92-4D82-A352-EF04B37CB11C}.Debug|Any CPU.ActiveCfg = Debug|Any CPU
		{E6D5BF0E-DE92-4D82-A352-EF04B37CB11C}.Debug|Any CPU.Build.0 = Debug|Any CPU
		{E6D5BF0E-DE92-4D82-A352-EF04B37CB11C}.Release|Any CPU.ActiveCfg = Release|Any CPU
		{E6D5BF0E-DE92-4D82-A352-EF04B37CB11C}.Release|Any CPU.Build.0 = Release|Any CPU
		{1FE30EB9-74A9-47F5-A9F6-7B1FAB672D81}.Debug|Any CPU.ActiveCfg = Debug|Any CPU
		{1FE30EB9-74A9-47F5-A9F6-7B1FAB672D81}.Debug|Any CPU.Build.0 = Debug|Any CPU
		{1FE30EB9-74A9-47F5-A9F6-7B1FAB672D81}.Release|Any CPU.ActiveCfg = Release|Any CPU
		{1FE30EB9-74A9-47F5-A9F6-7B1FAB672D81}.Release|Any CPU.Build.0 = Release|Any CPU
		{91853F21-9CD9-4132-BC29-A7D5D84FFFE7}.Debug|Any CPU.ActiveCfg = Debug|Any CPU
		{91853F21-9CD9-4132-BC29-A7D5D84FFFE7}.Debug|Any CPU.Build.0 = Debug|Any CPU
		{91853F21-9CD9-4132-BC29-A7D5D84FFFE7}.Release|Any CPU.ActiveCfg = Release|Any CPU
		{91853F21-9CD9-4132-BC29-A7D5D84FFFE7}.Release|Any CPU.Build.0 = Release|Any CPU
		{E512F4D9-9375-480F-A2F6-A46509F9D824}.Debug|Any CPU.ActiveCfg = Debug|Any CPU
		{E512F4D9-9375-480F-A2F6-A46509F9D824}.Debug|Any CPU.Build.0 = Debug|Any CPU
		{E512F4D9-9375-480F-A2F6-A46509F9D824}.Release|Any CPU.ActiveCfg = Release|Any CPU
		{E512F4D9-9375-480F-A2F6-A46509F9D824}.Release|Any CPU.Build.0 = Release|Any CPU
		{EF480016-9127-4916-8735-D2466BDBC582}.Debug|Any CPU.ActiveCfg = Debug|Any CPU
		{EF480016-9127-4916-8735-D2466BDBC582}.Debug|Any CPU.Build.0 = Debug|Any CPU
		{EF480016-9127-4916-8735-D2466BDBC582}.Release|Any CPU.ActiveCfg = Release|Any CPU
		{EF480016-9127-4916-8735-D2466BDBC582}.Release|Any CPU.Build.0 = Release|Any CPU
		{AA94D832-1CCC-4715-95A9-A483F23A1A5D}.Debug|Any CPU.ActiveCfg = Debug|Any CPU
		{AA94D832-1CCC-4715-95A9-A483F23A1A5D}.Debug|Any CPU.Build.0 = Debug|Any CPU
		{AA94D832-1CCC-4715-95A9-A483F23A1A5D}.Release|Any CPU.ActiveCfg = Release|Any CPU
		{AA94D832-1CCC-4715-95A9-A483F23A1A5D}.Release|Any CPU.Build.0 = Release|Any CPU
		{B08FCD1A-62DF-441C-846B-B00FF0939A6D}.Debug|Any CPU.ActiveCfg = Debug|Any CPU
		{B08FCD1A-62DF-441C-846B-B00FF0939A6D}.Debug|Any CPU.Build.0 = Debug|Any CPU
		{B08FCD1A-62DF-441C-846B-B00FF0939A6D}.Release|Any CPU.ActiveCfg = Release|Any CPU
		{B08FCD1A-62DF-441C-846B-B00FF0939A6D}.Release|Any CPU.Build.0 = Release|Any CPU
		{BCB54805-EFED-46E7-84AF-34FD9E52ACBF}.Debug|Any CPU.ActiveCfg = Debug|Any CPU
		{BCB54805-EFED-46E7-84AF-34FD9E52ACBF}.Debug|Any CPU.Build.0 = Debug|Any CPU
		{BCB54805-EFED-46E7-84AF-34FD9E52ACBF}.Release|Any CPU.ActiveCfg = Release|Any CPU
		{BCB54805-EFED-46E7-84AF-34FD9E52ACBF}.Release|Any CPU.Build.0 = Release|Any CPU
		{81972380-A3E3-4C64-B635-67D2F6A59CDB}.Debug|Any CPU.ActiveCfg = Debug|Any CPU
		{81972380-A3E3-4C64-B635-67D2F6A59CDB}.Debug|Any CPU.Build.0 = Debug|Any CPU
		{81972380-A3E3-4C64-B635-67D2F6A59CDB}.Release|Any CPU.ActiveCfg = Release|Any CPU
		{81972380-A3E3-4C64-B635-67D2F6A59CDB}.Release|Any CPU.Build.0 = Release|Any CPU
		{C77DDCFC-E1C5-47BC-9907-D454AEB8A186}.Debug|Any CPU.ActiveCfg = Debug|Any CPU
		{C77DDCFC-E1C5-47BC-9907-D454AEB8A186}.Debug|Any CPU.Build.0 = Debug|Any CPU
		{C77DDCFC-E1C5-47BC-9907-D454AEB8A186}.Release|Any CPU.ActiveCfg = Release|Any CPU
		{C77DDCFC-E1C5-47BC-9907-D454AEB8A186}.Release|Any CPU.Build.0 = Release|Any CPU
		{E6FB380F-02C4-465C-903B-06C1E2189772}.Debug|Any CPU.ActiveCfg = Debug|Any CPU
		{E6FB380F-02C4-465C-903B-06C1E2189772}.Debug|Any CPU.Build.0 = Debug|Any CPU
		{E6FB380F-02C4-465C-903B-06C1E2189772}.Release|Any CPU.ActiveCfg = Release|Any CPU
		{E6FB380F-02C4-465C-903B-06C1E2189772}.Release|Any CPU.Build.0 = Release|Any CPU
		{46D448DE-E181-4F9F-A657-EC2632D8A297}.Debug|Any CPU.ActiveCfg = Debug|Any CPU
		{46D448DE-E181-4F9F-A657-EC2632D8A297}.Debug|Any CPU.Build.0 = Debug|Any CPU
		{46D448DE-E181-4F9F-A657-EC2632D8A297}.Release|Any CPU.ActiveCfg = Release|Any CPU
		{46D448DE-E181-4F9F-A657-EC2632D8A297}.Release|Any CPU.Build.0 = Release|Any CPU
		{4EB953B5-C3AB-4496-A597-6E8407A7B8C7}.Debug|Any CPU.ActiveCfg = Debug|Any CPU
		{4EB953B5-C3AB-4496-A597-6E8407A7B8C7}.Debug|Any CPU.Build.0 = Debug|Any CPU
		{4EB953B5-C3AB-4496-A597-6E8407A7B8C7}.Release|Any CPU.ActiveCfg = Release|Any CPU
		{4EB953B5-C3AB-4496-A597-6E8407A7B8C7}.Release|Any CPU.Build.0 = Release|Any CPU
		{2491EEFC-6EC2-4D87-85D5-A7CAB4641862}.Debug|Any CPU.ActiveCfg = Debug|Any CPU
		{2491EEFC-6EC2-4D87-85D5-A7CAB4641862}.Debug|Any CPU.Build.0 = Debug|Any CPU
		{2491EEFC-6EC2-4D87-85D5-A7CAB4641862}.Release|Any CPU.ActiveCfg = Release|Any CPU
		{2491EEFC-6EC2-4D87-85D5-A7CAB4641862}.Release|Any CPU.Build.0 = Release|Any CPU
		{34BC8AAE-95BF-4A4C-AD2E-D77A5CAE2253}.Debug|Any CPU.ActiveCfg = Debug|Any CPU
		{34BC8AAE-95BF-4A4C-AD2E-D77A5CAE2253}.Debug|Any CPU.Build.0 = Debug|Any CPU
		{34BC8AAE-95BF-4A4C-AD2E-D77A5CAE2253}.Release|Any CPU.ActiveCfg = Release|Any CPU
		{34BC8AAE-95BF-4A4C-AD2E-D77A5CAE2253}.Release|Any CPU.Build.0 = Release|Any CPU
		{F758FF9B-CA10-406B-8DD2-62251473A127}.Debug|Any CPU.ActiveCfg = Debug|Any CPU
		{F758FF9B-CA10-406B-8DD2-62251473A127}.Debug|Any CPU.Build.0 = Debug|Any CPU
		{F758FF9B-CA10-406B-8DD2-62251473A127}.Release|Any CPU.ActiveCfg = Release|Any CPU
		{F758FF9B-CA10-406B-8DD2-62251473A127}.Release|Any CPU.Build.0 = Release|Any CPU
		{39198A9E-B487-46FC-94BD-8396FB44BA82}.Debug|Any CPU.ActiveCfg = Debug|Any CPU
		{39198A9E-B487-46FC-94BD-8396FB44BA82}.Debug|Any CPU.Build.0 = Debug|Any CPU
		{39198A9E-B487-46FC-94BD-8396FB44BA82}.Release|Any CPU.ActiveCfg = Release|Any CPU
		{39198A9E-B487-46FC-94BD-8396FB44BA82}.Release|Any CPU.Build.0 = Release|Any CPU
		{B997B7FA-5A0F-477B-B8B0-C023509464C5}.Debug|Any CPU.ActiveCfg = Debug|Any CPU
		{B997B7FA-5A0F-477B-B8B0-C023509464C5}.Debug|Any CPU.Build.0 = Debug|Any CPU
		{B997B7FA-5A0F-477B-B8B0-C023509464C5}.Release|Any CPU.ActiveCfg = Release|Any CPU
		{B997B7FA-5A0F-477B-B8B0-C023509464C5}.Release|Any CPU.Build.0 = Release|Any CPU
		{C901285E-D0AD-4F47-9020-F7D94EB67811}.Debug|Any CPU.ActiveCfg = Debug|Any CPU
		{C901285E-D0AD-4F47-9020-F7D94EB67811}.Debug|Any CPU.Build.0 = Debug|Any CPU
		{C901285E-D0AD-4F47-9020-F7D94EB67811}.Release|Any CPU.ActiveCfg = Release|Any CPU
		{C901285E-D0AD-4F47-9020-F7D94EB67811}.Release|Any CPU.Build.0 = Release|Any CPU
		{8B1B77E9-8BA0-4D65-B11B-DC6420E362ED}.Debug|Any CPU.ActiveCfg = Debug|Any CPU
		{8B1B77E9-8BA0-4D65-B11B-DC6420E362ED}.Debug|Any CPU.Build.0 = Debug|Any CPU
		{8B1B77E9-8BA0-4D65-B11B-DC6420E362ED}.Release|Any CPU.ActiveCfg = Release|Any CPU
		{8B1B77E9-8BA0-4D65-B11B-DC6420E362ED}.Release|Any CPU.Build.0 = Release|Any CPU
		{E976B4D1-DD8C-47C5-8170-83CF169B85F0}.Debug|Any CPU.ActiveCfg = Debug|Any CPU
		{E976B4D1-DD8C-47C5-8170-83CF169B85F0}.Debug|Any CPU.Build.0 = Debug|Any CPU
		{E976B4D1-DD8C-47C5-8170-83CF169B85F0}.Release|Any CPU.ActiveCfg = Release|Any CPU
		{E976B4D1-DD8C-47C5-8170-83CF169B85F0}.Release|Any CPU.Build.0 = Release|Any CPU
		{A4A5EBA8-F64E-4693-ADA5-84711AD2058E}.Debug|Any CPU.ActiveCfg = Debug|Any CPU
		{A4A5EBA8-F64E-4693-ADA5-84711AD2058E}.Debug|Any CPU.Build.0 = Debug|Any CPU
		{A4A5EBA8-F64E-4693-ADA5-84711AD2058E}.Release|Any CPU.ActiveCfg = Release|Any CPU
		{A4A5EBA8-F64E-4693-ADA5-84711AD2058E}.Release|Any CPU.Build.0 = Release|Any CPU
		{13A11686-357D-4EB1-87CB-C1DF76ABF947}.Debug|Any CPU.ActiveCfg = Debug|Any CPU
		{13A11686-357D-4EB1-87CB-C1DF76ABF947}.Debug|Any CPU.Build.0 = Debug|Any CPU
		{13A11686-357D-4EB1-87CB-C1DF76ABF947}.Release|Any CPU.ActiveCfg = Release|Any CPU
		{13A11686-357D-4EB1-87CB-C1DF76ABF947}.Release|Any CPU.Build.0 = Release|Any CPU
		{8E3303C6-1CB4-4D5A-AD75-A965FB94ED24}.Debug|Any CPU.ActiveCfg = Debug|Any CPU
		{8E3303C6-1CB4-4D5A-AD75-A965FB94ED24}.Debug|Any CPU.Build.0 = Debug|Any CPU
		{8E3303C6-1CB4-4D5A-AD75-A965FB94ED24}.Release|Any CPU.ActiveCfg = Release|Any CPU
		{8E3303C6-1CB4-4D5A-AD75-A965FB94ED24}.Release|Any CPU.Build.0 = Release|Any CPU
		{DDF5A884-AC1E-41A4-80FC-B9C202FE6866}.Debug|Any CPU.ActiveCfg = Debug|Any CPU
		{DDF5A884-AC1E-41A4-80FC-B9C202FE6866}.Debug|Any CPU.Build.0 = Debug|Any CPU
		{DDF5A884-AC1E-41A4-80FC-B9C202FE6866}.Release|Any CPU.ActiveCfg = Release|Any CPU
		{DDF5A884-AC1E-41A4-80FC-B9C202FE6866}.Release|Any CPU.Build.0 = Release|Any CPU
		{11AEDE99-DBF2-41AA-A291-4E63E9515FD3}.Debug|Any CPU.ActiveCfg = Debug|Any CPU
		{11AEDE99-DBF2-41AA-A291-4E63E9515FD3}.Debug|Any CPU.Build.0 = Debug|Any CPU
		{11AEDE99-DBF2-41AA-A291-4E63E9515FD3}.Release|Any CPU.ActiveCfg = Release|Any CPU
		{11AEDE99-DBF2-41AA-A291-4E63E9515FD3}.Release|Any CPU.Build.0 = Release|Any CPU
		{E5D1BC2C-4EE9-4C20-B082-D8A1A1E35F44}.Debug|Any CPU.ActiveCfg = Debug|Any CPU
		{E5D1BC2C-4EE9-4C20-B082-D8A1A1E35F44}.Debug|Any CPU.Build.0 = Debug|Any CPU
		{E5D1BC2C-4EE9-4C20-B082-D8A1A1E35F44}.Release|Any CPU.ActiveCfg = Release|Any CPU
		{E5D1BC2C-4EE9-4C20-B082-D8A1A1E35F44}.Release|Any CPU.Build.0 = Release|Any CPU
		{D52D4E3B-6E54-49B1-97F0-3E44AFDF7EFF}.Debug|Any CPU.ActiveCfg = Debug|Any CPU
		{D52D4E3B-6E54-49B1-97F0-3E44AFDF7EFF}.Debug|Any CPU.Build.0 = Debug|Any CPU
		{D52D4E3B-6E54-49B1-97F0-3E44AFDF7EFF}.Release|Any CPU.ActiveCfg = Release|Any CPU
		{D52D4E3B-6E54-49B1-97F0-3E44AFDF7EFF}.Release|Any CPU.Build.0 = Release|Any CPU
		{3BE3898F-19A9-41A0-9DDC-267F5A76F37E}.Debug|Any CPU.ActiveCfg = Debug|Any CPU
		{3BE3898F-19A9-41A0-9DDC-267F5A76F37E}.Debug|Any CPU.Build.0 = Debug|Any CPU
		{3BE3898F-19A9-41A0-9DDC-267F5A76F37E}.Release|Any CPU.ActiveCfg = Release|Any CPU
		{3BE3898F-19A9-41A0-9DDC-267F5A76F37E}.Release|Any CPU.Build.0 = Release|Any CPU
		{B1D84FFA-0316-45D8-A11D-6894492933B4}.Debug|Any CPU.ActiveCfg = Debug|Any CPU
		{B1D84FFA-0316-45D8-A11D-6894492933B4}.Debug|Any CPU.Build.0 = Debug|Any CPU
		{B1D84FFA-0316-45D8-A11D-6894492933B4}.Release|Any CPU.ActiveCfg = Release|Any CPU
		{B1D84FFA-0316-45D8-A11D-6894492933B4}.Release|Any CPU.Build.0 = Release|Any CPU
		{3FBA58BC-DBEE-4704-A3F9-886518DB3743}.Debug|Any CPU.ActiveCfg = Debug|Any CPU
		{3FBA58BC-DBEE-4704-A3F9-886518DB3743}.Debug|Any CPU.Build.0 = Debug|Any CPU
		{3FBA58BC-DBEE-4704-A3F9-886518DB3743}.Release|Any CPU.ActiveCfg = Release|Any CPU
		{3FBA58BC-DBEE-4704-A3F9-886518DB3743}.Release|Any CPU.Build.0 = Release|Any CPU
		{80034439-AB9D-4F26-A714-F66BBFE3BAF9}.Debug|Any CPU.ActiveCfg = Debug|Any CPU
		{80034439-AB9D-4F26-A714-F66BBFE3BAF9}.Debug|Any CPU.Build.0 = Debug|Any CPU
		{80034439-AB9D-4F26-A714-F66BBFE3BAF9}.Release|Any CPU.ActiveCfg = Release|Any CPU
		{80034439-AB9D-4F26-A714-F66BBFE3BAF9}.Release|Any CPU.Build.0 = Release|Any CPU
		{50AAAB31-1169-4664-87F9-F803C532A2D2}.Debug|Any CPU.ActiveCfg = Debug|Any CPU
		{50AAAB31-1169-4664-87F9-F803C532A2D2}.Debug|Any CPU.Build.0 = Debug|Any CPU
		{50AAAB31-1169-4664-87F9-F803C532A2D2}.Release|Any CPU.ActiveCfg = Release|Any CPU
		{50AAAB31-1169-4664-87F9-F803C532A2D2}.Release|Any CPU.Build.0 = Release|Any CPU
		{F66B2E11-0693-4BD3-A3A8-8F8324BD2164}.Debug|Any CPU.ActiveCfg = Debug|Any CPU
		{F66B2E11-0693-4BD3-A3A8-8F8324BD2164}.Debug|Any CPU.Build.0 = Debug|Any CPU
		{F66B2E11-0693-4BD3-A3A8-8F8324BD2164}.Release|Any CPU.ActiveCfg = Release|Any CPU
		{F66B2E11-0693-4BD3-A3A8-8F8324BD2164}.Release|Any CPU.Build.0 = Release|Any CPU
		{AB9F72B5-E338-4565-BDDC-302E9664DE4C}.Debug|Any CPU.ActiveCfg = Debug|Any CPU
		{AB9F72B5-E338-4565-BDDC-302E9664DE4C}.Debug|Any CPU.Build.0 = Debug|Any CPU
		{AB9F72B5-E338-4565-BDDC-302E9664DE4C}.Release|Any CPU.ActiveCfg = Release|Any CPU
		{AB9F72B5-E338-4565-BDDC-302E9664DE4C}.Release|Any CPU.Build.0 = Release|Any CPU
		{76906CBC-4F7C-4BDF-8899-92B6C30A0179}.Debug|Any CPU.ActiveCfg = Debug|Any CPU
		{76906CBC-4F7C-4BDF-8899-92B6C30A0179}.Debug|Any CPU.Build.0 = Debug|Any CPU
		{76906CBC-4F7C-4BDF-8899-92B6C30A0179}.Release|Any CPU.ActiveCfg = Release|Any CPU
		{76906CBC-4F7C-4BDF-8899-92B6C30A0179}.Release|Any CPU.Build.0 = Release|Any CPU
		{48F0FB64-D17C-4DDD-9D74-D3F0682DDE6B}.Debug|Any CPU.ActiveCfg = Debug|Any CPU
		{48F0FB64-D17C-4DDD-9D74-D3F0682DDE6B}.Debug|Any CPU.Build.0 = Debug|Any CPU
		{48F0FB64-D17C-4DDD-9D74-D3F0682DDE6B}.Release|Any CPU.ActiveCfg = Release|Any CPU
		{48F0FB64-D17C-4DDD-9D74-D3F0682DDE6B}.Release|Any CPU.Build.0 = Release|Any CPU
		{08332A38-B44E-47F2-887D-15BBC30427D6}.Debug|Any CPU.ActiveCfg = Debug|Any CPU
		{08332A38-B44E-47F2-887D-15BBC30427D6}.Debug|Any CPU.Build.0 = Debug|Any CPU
		{08332A38-B44E-47F2-887D-15BBC30427D6}.Release|Any CPU.ActiveCfg = Release|Any CPU
		{08332A38-B44E-47F2-887D-15BBC30427D6}.Release|Any CPU.Build.0 = Release|Any CPU
		{045CC07D-A18B-4395-AB4B-F92BBBAB77AE}.Debug|Any CPU.ActiveCfg = Debug|Any CPU
		{045CC07D-A18B-4395-AB4B-F92BBBAB77AE}.Debug|Any CPU.Build.0 = Debug|Any CPU
		{045CC07D-A18B-4395-AB4B-F92BBBAB77AE}.Release|Any CPU.ActiveCfg = Release|Any CPU
		{045CC07D-A18B-4395-AB4B-F92BBBAB77AE}.Release|Any CPU.Build.0 = Release|Any CPU
		{ECCEF7CE-DA97-49AB-8966-4D11F43434A2}.Debug|Any CPU.ActiveCfg = Debug|Any CPU
		{ECCEF7CE-DA97-49AB-8966-4D11F43434A2}.Debug|Any CPU.Build.0 = Debug|Any CPU
		{ECCEF7CE-DA97-49AB-8966-4D11F43434A2}.Release|Any CPU.ActiveCfg = Release|Any CPU
		{ECCEF7CE-DA97-49AB-8966-4D11F43434A2}.Release|Any CPU.Build.0 = Release|Any CPU
		{3685FD34-5ADF-4BA9-826F-59A53CF9D99E}.Debug|Any CPU.ActiveCfg = Debug|Any CPU
		{3685FD34-5ADF-4BA9-826F-59A53CF9D99E}.Debug|Any CPU.Build.0 = Debug|Any CPU
		{3685FD34-5ADF-4BA9-826F-59A53CF9D99E}.Release|Any CPU.ActiveCfg = Release|Any CPU
		{3685FD34-5ADF-4BA9-826F-59A53CF9D99E}.Release|Any CPU.Build.0 = Release|Any CPU
		{FB108216-F308-432B-BD6F-601AE22BC4EC}.Debug|Any CPU.ActiveCfg = Debug|Any CPU
		{FB108216-F308-432B-BD6F-601AE22BC4EC}.Debug|Any CPU.Build.0 = Debug|Any CPU
		{FB108216-F308-432B-BD6F-601AE22BC4EC}.Release|Any CPU.ActiveCfg = Release|Any CPU
		{FB108216-F308-432B-BD6F-601AE22BC4EC}.Release|Any CPU.Build.0 = Release|Any CPU
		{493F4FC2-4B6F-4F65-AB6B-52AE68E159E5}.Debug|Any CPU.ActiveCfg = Debug|Any CPU
		{493F4FC2-4B6F-4F65-AB6B-52AE68E159E5}.Debug|Any CPU.Build.0 = Debug|Any CPU
		{493F4FC2-4B6F-4F65-AB6B-52AE68E159E5}.Release|Any CPU.ActiveCfg = Release|Any CPU
		{493F4FC2-4B6F-4F65-AB6B-52AE68E159E5}.Release|Any CPU.Build.0 = Release|Any CPU
		{EDDE6542-1931-41DB-BA6C-1066A74FE63B}.Debug|Any CPU.ActiveCfg = Debug|Any CPU
		{EDDE6542-1931-41DB-BA6C-1066A74FE63B}.Debug|Any CPU.Build.0 = Debug|Any CPU
		{EDDE6542-1931-41DB-BA6C-1066A74FE63B}.Release|Any CPU.ActiveCfg = Release|Any CPU
		{EDDE6542-1931-41DB-BA6C-1066A74FE63B}.Release|Any CPU.Build.0 = Release|Any CPU
		{5DD39EB5-D1B1-4C6C-9CF9-D5FDB4257428}.Debug|Any CPU.ActiveCfg = Debug|Any CPU
		{5DD39EB5-D1B1-4C6C-9CF9-D5FDB4257428}.Debug|Any CPU.Build.0 = Debug|Any CPU
		{5DD39EB5-D1B1-4C6C-9CF9-D5FDB4257428}.Release|Any CPU.ActiveCfg = Release|Any CPU
		{5DD39EB5-D1B1-4C6C-9CF9-D5FDB4257428}.Release|Any CPU.Build.0 = Release|Any CPU
		{65F60774-1C45-42A7-93F1-30771BA5053F}.Debug|Any CPU.ActiveCfg = Debug|Any CPU
		{65F60774-1C45-42A7-93F1-30771BA5053F}.Debug|Any CPU.Build.0 = Debug|Any CPU
		{65F60774-1C45-42A7-93F1-30771BA5053F}.Release|Any CPU.ActiveCfg = Release|Any CPU
		{65F60774-1C45-42A7-93F1-30771BA5053F}.Release|Any CPU.Build.0 = Release|Any CPU
		{6C3530BE-102F-4A09-B76E-505F40BF69AC}.Debug|Any CPU.ActiveCfg = Debug|Any CPU
		{6C3530BE-102F-4A09-B76E-505F40BF69AC}.Debug|Any CPU.Build.0 = Debug|Any CPU
		{6C3530BE-102F-4A09-B76E-505F40BF69AC}.Release|Any CPU.ActiveCfg = Release|Any CPU
		{6C3530BE-102F-4A09-B76E-505F40BF69AC}.Release|Any CPU.Build.0 = Release|Any CPU
		{9ABD571F-D581-475B-B8F0-9CC59A868551}.Debug|Any CPU.ActiveCfg = Debug|Any CPU
		{9ABD571F-D581-475B-B8F0-9CC59A868551}.Debug|Any CPU.Build.0 = Debug|Any CPU
		{9ABD571F-D581-475B-B8F0-9CC59A868551}.Release|Any CPU.ActiveCfg = Release|Any CPU
		{9ABD571F-D581-475B-B8F0-9CC59A868551}.Release|Any CPU.Build.0 = Release|Any CPU
		{4807D709-5A59-41C2-8CEB-D9FD1BCD8DEF}.Debug|Any CPU.ActiveCfg = Debug|Any CPU
		{4807D709-5A59-41C2-8CEB-D9FD1BCD8DEF}.Debug|Any CPU.Build.0 = Debug|Any CPU
		{4807D709-5A59-41C2-8CEB-D9FD1BCD8DEF}.Release|Any CPU.ActiveCfg = Release|Any CPU
		{4807D709-5A59-41C2-8CEB-D9FD1BCD8DEF}.Release|Any CPU.Build.0 = Release|Any CPU
		{4405E0E5-8936-494A-9349-809FAE3A8082}.Debug|Any CPU.ActiveCfg = Debug|Any CPU
		{4405E0E5-8936-494A-9349-809FAE3A8082}.Debug|Any CPU.Build.0 = Debug|Any CPU
		{4405E0E5-8936-494A-9349-809FAE3A8082}.Release|Any CPU.ActiveCfg = Release|Any CPU
		{4405E0E5-8936-494A-9349-809FAE3A8082}.Release|Any CPU.Build.0 = Release|Any CPU
	EndGlobalSection
	GlobalSection(SolutionProperties) = preSolution
		HideSolutionNode = FALSE
	EndGlobalSection
	GlobalSection(NestedProjects) = preSolution
		{554AD327-6DBA-4F8F-96F8-81CE7A0C863F} = {CA9AC87F-097E-4F15-8393-4BC07735A5B0}
		{1A94A50E-06DC-43C1-80B5-B662820EC3EB} = {CA9AC87F-097E-4F15-8393-4BC07735A5B0}
		{C956DD76-69C8-4A9C-83EA-D17DF83340FD} = {CA9AC87F-097E-4F15-8393-4BC07735A5B0}
		{50B2631D-129C-47B3-A587-029CCD6099BC} = {04DBDB01-70F4-4E06-B468-8F87850B22BE}
		{42F719ED-8413-4895-B5B4-5AB56079BC66} = {CA9AC87F-097E-4F15-8393-4BC07735A5B0}
		{520659C8-C734-4298-A3DA-B539DB9DFC0B} = {CA9AC87F-097E-4F15-8393-4BC07735A5B0}
		{4164BDF7-F527-4E85-9CE6-E3C2D7426A27} = {CA9AC87F-097E-4F15-8393-4BC07735A5B0}
		{3B5A0094-670D-4BB1-BFDD-61B88A8773DC} = {CA9AC87F-097E-4F15-8393-4BC07735A5B0}
		{073C361E-B8F4-49F5-93CC-72A3FF49C026} = {CA9AC87F-097E-4F15-8393-4BC07735A5B0}
		{E6D5BF0E-DE92-4D82-A352-EF04B37CB11C} = {CA9AC87F-097E-4F15-8393-4BC07735A5B0}
		{1FE30EB9-74A9-47F5-A9F6-7B1FAB672D81} = {04DBDB01-70F4-4E06-B468-8F87850B22BE}
		{91853F21-9CD9-4132-BC29-A7D5D84FFFE7} = {04DBDB01-70F4-4E06-B468-8F87850B22BE}
		{E512F4D9-9375-480F-A2F6-A46509F9D824} = {04DBDB01-70F4-4E06-B468-8F87850B22BE}
		{EF480016-9127-4916-8735-D2466BDBC582} = {04DBDB01-70F4-4E06-B468-8F87850B22BE}
		{AA94D832-1CCC-4715-95A9-A483F23A1A5D} = {CA9AC87F-097E-4F15-8393-4BC07735A5B0}
		{902D9FE3-7E40-4059-80FE-4F935F8841C0} = {17A7F7D4-8E41-4ABA-B5B6-3295A9D9377F}
		{B08FCD1A-62DF-441C-846B-B00FF0939A6D} = {902D9FE3-7E40-4059-80FE-4F935F8841C0}
		{BCB54805-EFED-46E7-84AF-34FD9E52ACBF} = {902D9FE3-7E40-4059-80FE-4F935F8841C0}
		{81972380-A3E3-4C64-B635-67D2F6A59CDB} = {902D9FE3-7E40-4059-80FE-4F935F8841C0}
		{C77DDCFC-E1C5-47BC-9907-D454AEB8A186} = {902D9FE3-7E40-4059-80FE-4F935F8841C0}
		{E6FB380F-02C4-465C-903B-06C1E2189772} = {902D9FE3-7E40-4059-80FE-4F935F8841C0}
		{46D448DE-E181-4F9F-A657-EC2632D8A297} = {902D9FE3-7E40-4059-80FE-4F935F8841C0}
		{4EB953B5-C3AB-4496-A597-6E8407A7B8C7} = {902D9FE3-7E40-4059-80FE-4F935F8841C0}
		{2E07FE25-0C59-452C-A489-358A15C0EA42} = {17A7F7D4-8E41-4ABA-B5B6-3295A9D9377F}
		{2491EEFC-6EC2-4D87-85D5-A7CAB4641862} = {2E07FE25-0C59-452C-A489-358A15C0EA42}
		{34BC8AAE-95BF-4A4C-AD2E-D77A5CAE2253} = {2E07FE25-0C59-452C-A489-358A15C0EA42}
		{F758FF9B-CA10-406B-8DD2-62251473A127} = {2E07FE25-0C59-452C-A489-358A15C0EA42}
		{39198A9E-B487-46FC-94BD-8396FB44BA82} = {2E07FE25-0C59-452C-A489-358A15C0EA42}
		{B997B7FA-5A0F-477B-B8B0-C023509464C5} = {2E07FE25-0C59-452C-A489-358A15C0EA42}
		{C901285E-D0AD-4F47-9020-F7D94EB67811} = {2E07FE25-0C59-452C-A489-358A15C0EA42}
		{8B1B77E9-8BA0-4D65-B11B-DC6420E362ED} = {2E07FE25-0C59-452C-A489-358A15C0EA42}
		{2E238A69-0710-41DF-B121-2DD99995096F} = {17A7F7D4-8E41-4ABA-B5B6-3295A9D9377F}
		{408BCE55-EB3F-4D78-ABCF-A85DA2A55B74} = {17A7F7D4-8E41-4ABA-B5B6-3295A9D9377F}
		{E976B4D1-DD8C-47C5-8170-83CF169B85F0} = {2E238A69-0710-41DF-B121-2DD99995096F}
		{A4A5EBA8-F64E-4693-ADA5-84711AD2058E} = {2E238A69-0710-41DF-B121-2DD99995096F}
		{13A11686-357D-4EB1-87CB-C1DF76ABF947} = {2E238A69-0710-41DF-B121-2DD99995096F}
		{8E3303C6-1CB4-4D5A-AD75-A965FB94ED24} = {2E238A69-0710-41DF-B121-2DD99995096F}
		{DDF5A884-AC1E-41A4-80FC-B9C202FE6866} = {2E238A69-0710-41DF-B121-2DD99995096F}
		{11AEDE99-DBF2-41AA-A291-4E63E9515FD3} = {2E238A69-0710-41DF-B121-2DD99995096F}
		{E5D1BC2C-4EE9-4C20-B082-D8A1A1E35F44} = {2E238A69-0710-41DF-B121-2DD99995096F}
		{D52D4E3B-6E54-49B1-97F0-3E44AFDF7EFF} = {408BCE55-EB3F-4D78-ABCF-A85DA2A55B74}
		{3BE3898F-19A9-41A0-9DDC-267F5A76F37E} = {408BCE55-EB3F-4D78-ABCF-A85DA2A55B74}
		{B1D84FFA-0316-45D8-A11D-6894492933B4} = {408BCE55-EB3F-4D78-ABCF-A85DA2A55B74}
		{3FBA58BC-DBEE-4704-A3F9-886518DB3743} = {408BCE55-EB3F-4D78-ABCF-A85DA2A55B74}
		{80034439-AB9D-4F26-A714-F66BBFE3BAF9} = {408BCE55-EB3F-4D78-ABCF-A85DA2A55B74}
		{50AAAB31-1169-4664-87F9-F803C532A2D2} = {408BCE55-EB3F-4D78-ABCF-A85DA2A55B74}
		{F66B2E11-0693-4BD3-A3A8-8F8324BD2164} = {408BCE55-EB3F-4D78-ABCF-A85DA2A55B74}
		{B5B8704C-75E5-4576-9777-9B389C7A3CDE} = {17A7F7D4-8E41-4ABA-B5B6-3295A9D9377F}
		{AB9F72B5-E338-4565-BDDC-302E9664DE4C} = {B5B8704C-75E5-4576-9777-9B389C7A3CDE}
		{76906CBC-4F7C-4BDF-8899-92B6C30A0179} = {B5B8704C-75E5-4576-9777-9B389C7A3CDE}
		{48F0FB64-D17C-4DDD-9D74-D3F0682DDE6B} = {B5B8704C-75E5-4576-9777-9B389C7A3CDE}
		{ADDE518D-1E5D-4A04-98B3-56BAE9491EE7} = {17A7F7D4-8E41-4ABA-B5B6-3295A9D9377F}
		{08332A38-B44E-47F2-887D-15BBC30427D6} = {ADDE518D-1E5D-4A04-98B3-56BAE9491EE7}
		{045CC07D-A18B-4395-AB4B-F92BBBAB77AE} = {ADDE518D-1E5D-4A04-98B3-56BAE9491EE7}
		{ECCEF7CE-DA97-49AB-8966-4D11F43434A2} = {ADDE518D-1E5D-4A04-98B3-56BAE9491EE7}
		{BD71A533-F6C2-4FAB-BE73-86A1565D183B} = {17A7F7D4-8E41-4ABA-B5B6-3295A9D9377F}
		{CCBCEC35-72AE-441E-BCF7-8D82CA3F7D9A} = {17A7F7D4-8E41-4ABA-B5B6-3295A9D9377F}
		{3685FD34-5ADF-4BA9-826F-59A53CF9D99E} = {BD71A533-F6C2-4FAB-BE73-86A1565D183B}
		{FB108216-F308-432B-BD6F-601AE22BC4EC} = {BD71A533-F6C2-4FAB-BE73-86A1565D183B}
		{493F4FC2-4B6F-4F65-AB6B-52AE68E159E5} = {BD71A533-F6C2-4FAB-BE73-86A1565D183B}
		{EDDE6542-1931-41DB-BA6C-1066A74FE63B} = {BD71A533-F6C2-4FAB-BE73-86A1565D183B}
		{5DD39EB5-D1B1-4C6C-9CF9-D5FDB4257428} = {BD71A533-F6C2-4FAB-BE73-86A1565D183B}
		{65F60774-1C45-42A7-93F1-30771BA5053F} = {BD71A533-F6C2-4FAB-BE73-86A1565D183B}
		{6C3530BE-102F-4A09-B76E-505F40BF69AC} = {BD71A533-F6C2-4FAB-BE73-86A1565D183B}
		{9ABD571F-D581-475B-B8F0-9CC59A868551} = {CCBCEC35-72AE-441E-BCF7-8D82CA3F7D9A}
		{4807D709-5A59-41C2-8CEB-D9FD1BCD8DEF} = {CCBCEC35-72AE-441E-BCF7-8D82CA3F7D9A}
		{4405E0E5-8936-494A-9349-809FAE3A8082} = {CCBCEC35-72AE-441E-BCF7-8D82CA3F7D9A}
	EndGlobalSection
	GlobalSection(ExtensibilityGlobals) = postSolution
		SolutionGuid = {28315BFD-90E7-4E14-A2EA-F3D23AF4126F}
	EndGlobalSection
EndGlobal
