
Microsoft Visual Studio Solution File, Format Version 12.00
# Visual Studio Version 17
VisualStudioVersion = 17.2.32516.85
MinimumVisualStudioVersion = 10.0.40219.1
Project("{9A19103F-16F7-4668-BE54-9A1E7A4F7556}") = "Mars.Domain", "src\Mars.Domain\Mars.Domain.csproj", "{554AD327-6DBA-4F8F-96F8-81CE7A0C863F}"
EndProject
Project("{9A19103F-16F7-4668-BE54-9A1E7A4F7556}") = "Mars.Application", "src\Mars.Application\Mars.Application.csproj", "{1A94A50E-06DC-43C1-80B5-B662820EC3EB}"
EndProject
Project("{9A19103F-16F7-4668-BE54-9A1E7A4F7556}") = "Mars.EntityFrameworkCore", "src\Mars.EntityFrameworkCore\Mars.EntityFrameworkCore.csproj", "{C956DD76-69C8-4A9C-83EA-D17DF83340FD}"
EndProject
Project("{2150E333-8FDC-42A3-9474-1A3956D46DE8}") = "Src", "Src", "{CA9AC87F-097E-4F15-8393-4BC07735A5B0}"
EndProject
Project("{2150E333-8FDC-42A3-9474-1A3956D46DE8}") = "Test", "Test", "{04DBDB01-70F4-4E06-B468-8F87850B22BE}"
EndProject
Project("{9A19103F-16F7-4668-BE54-9A1E7A4F7556}") = "Mars.Application.Tests", "test\Mars.Application.Tests\Mars.Application.Tests.csproj", "{50B2631D-129C-47B3-A587-029CCD6099BC}"
EndProject
Project("{9A19103F-16F7-4668-BE54-9A1E7A4F7556}") = "Mars.Domain.Shared", "src\Mars.Domain.Shared\Mars.Domain.Shared.csproj", "{42F719ED-8413-4895-B5B4-5AB56079BC66}"
EndProject
Project("{9A19103F-16F7-4668-BE54-9A1E7A4F7556}") = "Mars.Application.Contracts", "src\Mars.Application.Contracts\Mars.Application.Contracts.csproj", "{520659C8-C734-4298-A3DA-B539DB9DFC0B}"
EndProject
Project("{9A19103F-16F7-4668-BE54-9A1E7A4F7556}") = "Mars.HttpApi", "src\Mars.HttpApi\Mars.HttpApi.csproj", "{4164BDF7-F527-4E85-9CE6-E3C2D7426A27}"
EndProject
Project("{9A19103F-16F7-4668-BE54-9A1E7A4F7556}") = "Mars.HttpApi.Client", "src\Mars.HttpApi.Client\Mars.HttpApi.Client.csproj", "{3B5A0094-670D-4BB1-BFDD-61B88A8773DC}"
EndProject
Project("{9A19103F-16F7-4668-BE54-9A1E7A4F7556}") = "Mars.IdentityServer", "src\Mars.IdentityServer\Mars.IdentityServer.csproj", "{073C361E-B8F4-49F5-93CC-72A3FF49C026}"
EndProject
Project("{9A19103F-16F7-4668-BE54-9A1E7A4F7556}") = "Mars.HttpApi.Host", "src\Mars.HttpApi.Host\Mars.HttpApi.Host.csproj", "{E6D5BF0E-DE92-4D82-A352-EF04B37CB11C}"
EndProject
Project("{9A19103F-16F7-4668-BE54-9A1E7A4F7556}") = "Mars.EntityFrameworkCore.Tests", "test\Mars.EntityFrameworkCore.Tests\Mars.EntityFrameworkCore.Tests.csproj", "{1FE30EB9-74A9-47F5-A9F6-7B1FAB672D81}"
EndProject
Project("{9A19103F-16F7-4668-BE54-9A1E7A4F7556}") = "Mars.TestBase", "test\Mars.TestBase\Mars.TestBase.csproj", "{91853F21-9CD9-4132-BC29-A7D5D84FFFE7}"
EndProject
Project("{9A19103F-16F7-4668-BE54-9A1E7A4F7556}") = "Mars.Domain.Tests", "test\Mars.Domain.Tests\Mars.Domain.Tests.csproj", "{E512F4D9-9375-480F-A2F6-A46509F9D824}"
EndProject
Project("{9A19103F-16F7-4668-BE54-9A1E7A4F7556}") = "Mars.HttpApi.Client.ConsoleTestApp", "test\Mars.HttpApi.Client.ConsoleTestApp\Mars.HttpApi.Client.ConsoleTestApp.csproj", "{EF480016-9127-4916-8735-D2466BDBC582}"
EndProject
Project("{9A19103F-16F7-4668-BE54-9A1E7A4F7556}") = "Mars.DbMigrator", "src\Mars.DbMigrator\Mars.DbMigrator.csproj", "{AA94D832-1CCC-4715-95A9-A483F23A1A5D}"
EndProject
Project("{2150E333-8FDC-42A3-9474-1A3956D46DE8}") = "Tools", "Tools", "{DCFB2033-B671-4A08-8C83-35BC7833C7E9}"
EndProject
Project("{2150E333-8FDC-42A3-9474-1A3956D46DE8}") = "Modules", "Modules", "{81FE1559-872E-4F5C-AE4C-25EFEDD811DC}"
EndProject
Project("{2150E333-8FDC-42A3-9474-1A3956D46DE8}") = "Build", "Build", "{71FE2733-E683-4E70-9551-3AB07C762810}"
	ProjectSection(SolutionItems) = preProject
		build\common.props = build\common.props
		build\version.props = build\version.props
	EndProjectSection
EndProject
Project("{2150E333-8FDC-42A3-9474-1A3956D46DE8}") = "SettingManagement", "SettingManagement", "{97810C79-5A55-4C83-8A3A-FCD67E516C6B}"
EndProject
Project("{9A19103F-16F7-4668-BE54-9A1E7A4F7556}") = "Volo.Abp.SettingManagement.Application", "modules\SettingManagement\Volo.Abp.SettingManagement.Application\Volo.Abp.SettingManagement.Application.csproj", "{56566D9D-EBB9-478C-A43A-9332EC5DDCC3}"
EndProject
Project("{9A19103F-16F7-4668-BE54-9A1E7A4F7556}") = "Volo.Abp.SettingManagement.Application.Contracts", "modules\SettingManagement\Volo.Abp.SettingManagement.Application.Contracts\Volo.Abp.SettingManagement.Application.Contracts.csproj", "{75BC0FF0-7CF8-430E-9E8E-37E811FF8FBA}"
EndProject
Project("{9A19103F-16F7-4668-BE54-9A1E7A4F7556}") = "Volo.Abp.SettingManagement.HttpApi", "modules\SettingManagement\Volo.Abp.SettingManagement.HttpApi\Volo.Abp.SettingManagement.HttpApi.csproj", "{A91DA2D3-CDC6-45E7-A767-F235A43A2624}"
EndProject
Project("{9A19103F-16F7-4668-BE54-9A1E7A4F7556}") = "Volo.Abp.SettingManagement.HttpApi.Client", "modules\SettingManagement\Volo.Abp.SettingManagement.HttpApi.Client\Volo.Abp.SettingManagement.HttpApi.Client.csproj", "{19439C9F-0927-4FCD-A01C-D543C14E60CF}"
EndProject
Project("{2150E333-8FDC-42A3-9474-1A3956D46DE8}") = "FeatureManagement", "FeatureManagement", "{F610F5E8-2524-4187-BAE2-D115EE43E6CE}"
EndProject
Project("{9A19103F-16F7-4668-BE54-9A1E7A4F7556}") = "Volo.Abp.FeatureManagement.Application", "modules\FeatureManagement\Volo.Abp.FeatureManagement.Application\Volo.Abp.FeatureManagement.Application.csproj", "{451A41C4-8FE0-46E4-A676-603B4549EF78}"
EndProject
Project("{9A19103F-16F7-4668-BE54-9A1E7A4F7556}") = "Volo.Abp.FeatureManagement.Application.Contracts", "modules\FeatureManagement\Volo.Abp.FeatureManagement.Application.Contracts\Volo.Abp.FeatureManagement.Application.Contracts.csproj", "{3C14B5CC-61CC-4780-BF6D-4FD02DC00261}"
EndProject
Project("{9A19103F-16F7-4668-BE54-9A1E7A4F7556}") = "Volo.Abp.FeatureManagement.HttpApi", "modules\FeatureManagement\Volo.Abp.FeatureManagement.HttpApi\Volo.Abp.FeatureManagement.HttpApi.csproj", "{DBCBE9DC-B6EA-4B4B-AC87-9A63495ADDE1}"
EndProject
Project("{9A19103F-16F7-4668-BE54-9A1E7A4F7556}") = "Volo.Abp.FeatureManagement.HttpApi.Client", "modules\FeatureManagement\Volo.Abp.FeatureManagement.HttpApi.Client\Volo.Abp.FeatureManagement.HttpApi.Client.csproj", "{BDF99962-75F2-41CB-B38B-889FE00C3A7B}"
EndProject
Project("{2150E333-8FDC-42A3-9474-1A3956D46DE8}") = "TenantManagement", "TenantManagement", "{BD5D471B-7749-493C-A698-1505854BC69A}"
EndProject
Project("{9A19103F-16F7-4668-BE54-9A1E7A4F7556}") = "Volo.Abp.TenantManagement.Application", "modules\TenantManagement\Volo.Abp.TenantManagement.Application\Volo.Abp.TenantManagement.Application.csproj", "{9A90DFEB-266A-43A4-B6C4-6E6D6367FE94}"
EndProject
Project("{9A19103F-16F7-4668-BE54-9A1E7A4F7556}") = "Volo.Abp.TenantManagement.Application.Contracts", "modules\TenantManagement\Volo.Abp.TenantManagement.Application.Contracts\Volo.Abp.TenantManagement.Application.Contracts.csproj", "{CC889A87-6E6A-462A-B299-AF653E5426FD}"
EndProject
Project("{9A19103F-16F7-4668-BE54-9A1E7A4F7556}") = "Volo.Abp.TenantManagement.HttpApi", "modules\TenantManagement\Volo.Abp.TenantManagement.HttpApi\Volo.Abp.TenantManagement.HttpApi.csproj", "{D999595C-C894-4BF6-AEC4-6A88ADD1E662}"
EndProject
Project("{9A19103F-16F7-4668-BE54-9A1E7A4F7556}") = "Volo.Abp.TenantManagement.HttpApi.Client", "modules\TenantManagement\Volo.Abp.TenantManagement.HttpApi.Client\Volo.Abp.TenantManagement.HttpApi.Client.csproj", "{96D487F9-DE3B-4793-9244-CC555024DE01}"
EndProject
Project("{2150E333-8FDC-42A3-9474-1A3956D46DE8}") = "PermissionManagement", "PermissionManagement", "{8D4D993F-8D98-4186-AA68-3713D3D1E539}"
EndProject
Project("{9A19103F-16F7-4668-BE54-9A1E7A4F7556}") = "Volo.Abp.PermissionManagement.Application", "modules\PermissionManagement\Volo.Abp.PermissionManagement.Application\Volo.Abp.PermissionManagement.Application.csproj", "{14D7D6E2-F7B3-4DAB-AF73-C7BD5C01970A}"
EndProject
Project("{9A19103F-16F7-4668-BE54-9A1E7A4F7556}") = "Volo.Abp.PermissionManagement.Application.Contracts", "modules\PermissionManagement\Volo.Abp.PermissionManagement.Application.Contracts\Volo.Abp.PermissionManagement.Application.Contracts.csproj", "{7166A4C4-0AF7-41DA-83FF-82406352DF34}"
EndProject
Project("{9A19103F-16F7-4668-BE54-9A1E7A4F7556}") = "Volo.Abp.PermissionManagement.HttpApi", "modules\PermissionManagement\Volo.Abp.PermissionManagement.HttpApi\Volo.Abp.PermissionManagement.HttpApi.csproj", "{77E40BC7-E8EB-4582-9C9A-87397C8D4D80}"
EndProject
Project("{9A19103F-16F7-4668-BE54-9A1E7A4F7556}") = "Volo.Abp.PermissionManagement.HttpApi.Client", "modules\PermissionManagement\Volo.Abp.PermissionManagement.HttpApi.Client\Volo.Abp.PermissionManagement.HttpApi.Client.csproj", "{DC9033C8-3AC5-495C-AAAD-DB723920C4CC}"
EndProject
Project("{2150E333-8FDC-42A3-9474-1A3956D46DE8}") = "AccountManagement", "AccountManagement", "{1696FB2C-9835-4AC5-A87E-68A0076240D2}"
EndProject
Project("{9A19103F-16F7-4668-BE54-9A1E7A4F7556}") = "Volo.Abp.Account.Application", "modules\AccountManagement\Volo.Abp.Account.Application\Volo.Abp.Account.Application.csproj", "{52EB4196-41CC-43C7-B31E-922C93575C6C}"
EndProject
Project("{9A19103F-16F7-4668-BE54-9A1E7A4F7556}") = "Volo.Abp.Account.Application.Contracts", "modules\AccountManagement\Volo.Abp.Account.Application.Contracts\Volo.Abp.Account.Application.Contracts.csproj", "{B1DEE65A-1675-4979-BA5A-26FD847188D9}"
EndProject
Project("{9A19103F-16F7-4668-BE54-9A1E7A4F7556}") = "Volo.Abp.Account.HttpApi", "modules\AccountManagement\Volo.Abp.Account.HttpApi\Volo.Abp.Account.HttpApi.csproj", "{5600D9D2-3701-4035-B5BB-EFBADC4E4FD9}"
EndProject
Project("{9A19103F-16F7-4668-BE54-9A1E7A4F7556}") = "Volo.Abp.Account.HttpApi.Client", "modules\AccountManagement\Volo.Abp.Account.HttpApi.Client\Volo.Abp.Account.HttpApi.Client.csproj", "{DCA813D6-F645-49C3-A6E5-F5D7EA3D7485}"
EndProject
Project("{2150E333-8FDC-42A3-9474-1A3956D46DE8}") = "IdentityManagement", "IdentityManagement", "{592B3D40-4392-4C04-B689-A7BB531FDB04}"
EndProject
Project("{9A19103F-16F7-4668-BE54-9A1E7A4F7556}") = "Volo.Abp.Identity.Application", "modules\IdentityManagement\Volo.Abp.Identity.Application\Volo.Abp.Identity.Application.csproj", "{D115EEE0-3796-4866-8DB1-2F89F4784244}"
EndProject
Project("{9A19103F-16F7-4668-BE54-9A1E7A4F7556}") = "Volo.Abp.Identity.Application.Contracts", "modules\IdentityManagement\Volo.Abp.Identity.Application.Contracts\Volo.Abp.Identity.Application.Contracts.csproj", "{902D444B-C0B4-4C23-8C3C-77F7D18C29E3}"
EndProject
Project("{9A19103F-16F7-4668-BE54-9A1E7A4F7556}") = "Volo.Abp.Identity.HttpApi", "modules\IdentityManagement\Volo.Abp.Identity.HttpApi\Volo.Abp.Identity.HttpApi.csproj", "{D0662CF4-C762-46F3-B268-7B026F498A79}"
EndProject
Project("{9A19103F-16F7-4668-BE54-9A1E7A4F7556}") = "Volo.Abp.Identity.HttpApi.Client", "modules\IdentityManagement\Volo.Abp.Identity.HttpApi.Client\Volo.Abp.Identity.HttpApi.Client.csproj", "{D23A3712-3062-4D20-A04D-F6C9BE213580}"
EndProject
Project("{9A19103F-16F7-4668-BE54-9A1E7A4F7556}") = "Volo.Abp.Account.Web.IdentityServer", "modules\AccountManagement\Volo.Abp.Account.Web.IdentityServer\Volo.Abp.Account.Web.IdentityServer.csproj", "{5B935D70-F9F9-4573-9686-757F59089E8E}"
EndProject
Project("{9A19103F-16F7-4668-BE54-9A1E7A4F7556}") = "Volo.Abp.Account.Web", "modules\AccountManagement\Volo.Abp.Account.Web\Volo.Abp.Account.Web.csproj", "{368CD967-39E0-4F92-B352-97C237B9E6AF}"
EndProject
Project("{9A19103F-16F7-4668-BE54-9A1E7A4F7556}") = "Volo.Abp.SettingManagement.Domain", "modules\SettingManagement\Volo.Abp.SettingManagement.Domain\Volo.Abp.SettingManagement.Domain.csproj", "{3D5ACAD7-13C2-4237-9EAB-19D80C1D894C}"
EndProject
Project("{9A19103F-16F7-4668-BE54-9A1E7A4F7556}") = "Volo.Abp.SettingManagement.Domain.Shared", "modules\SettingManagement\Volo.Abp.SettingManagement.Domain.Shared\Volo.Abp.SettingManagement.Domain.Shared.csproj", "{6B5CFB87-72D8-4D40-8537-039D7C3DCB9A}"
EndProject
Project("{9A19103F-16F7-4668-BE54-9A1E7A4F7556}") = "Volo.Abp.SettingManagement.EntityFrameworkCore", "modules\SettingManagement\Volo.Abp.SettingManagement.EntityFrameworkCore\Volo.Abp.SettingManagement.EntityFrameworkCore.csproj", "{CD0BA4EE-5953-4761-B9CF-4331B8034D0F}"
EndProject
Project("{9A19103F-16F7-4668-BE54-9A1E7A4F7556}") = "Volo.Abp.TenantManagement.Domain", "modules\TenantManagement\Volo.Abp.TenantManagement.Domain\Volo.Abp.TenantManagement.Domain.csproj", "{281D3DDB-FDC2-4985-AD38-446B5AFD8027}"
EndProject
Project("{9A19103F-16F7-4668-BE54-9A1E7A4F7556}") = "Volo.Abp.TenantManagement.Domain.Shared", "modules\TenantManagement\Volo.Abp.TenantManagement.Domain.Shared\Volo.Abp.TenantManagement.Domain.Shared.csproj", "{E830F4FF-94C4-4F3F-BDC6-D78E9228D086}"
EndProject
Project("{9A19103F-16F7-4668-BE54-9A1E7A4F7556}") = "Volo.Abp.TenantManagement.EntityFrameworkCore", "modules\TenantManagement\Volo.Abp.TenantManagement.EntityFrameworkCore\Volo.Abp.TenantManagement.EntityFrameworkCore.csproj", "{0058D650-E0C9-452E-9FD4-9BFE34F7AC03}"
EndProject
Project("{9A19103F-16F7-4668-BE54-9A1E7A4F7556}") = "Volo.Abp.FeatureManagement.Domain", "modules\FeatureManagement\Volo.Abp.FeatureManagement.Domain\Volo.Abp.FeatureManagement.Domain.csproj", "{307F8CA0-1DC5-4EB0-A4A1-4DCB3691CB2C}"
EndProject
Project("{9A19103F-16F7-4668-BE54-9A1E7A4F7556}") = "Volo.Abp.FeatureManagement.Domain.Shared", "modules\FeatureManagement\Volo.Abp.FeatureManagement.Domain.Shared\Volo.Abp.FeatureManagement.Domain.Shared.csproj", "{D70CE0F7-8ED8-4F3E-B7E1-C2F3F71CD88F}"
EndProject
Project("{9A19103F-16F7-4668-BE54-9A1E7A4F7556}") = "Volo.Abp.FeatureManagement.EntityFrameworkCore", "modules\FeatureManagement\Volo.Abp.FeatureManagement.EntityFrameworkCore\Volo.Abp.FeatureManagement.EntityFrameworkCore.csproj", "{DC131E86-DCBA-4B80-949B-FCAEA7B9D05C}"
EndProject
Project("{9A19103F-16F7-4668-BE54-9A1E7A4F7556}") = "Volo.Abp.PermissionManagement.Domain", "modules\PermissionManagement\Volo.Abp.PermissionManagement.Domain\Volo.Abp.PermissionManagement.Domain.csproj", "{23A4CDA0-BDDD-4035-8A53-9DFD46ADFE0E}"
EndProject
Project("{9A19103F-16F7-4668-BE54-9A1E7A4F7556}") = "Volo.Abp.PermissionManagement.Domain.Shared", "modules\PermissionManagement\Volo.Abp.PermissionManagement.Domain.Shared\Volo.Abp.PermissionManagement.Domain.Shared.csproj", "{A8BA6002-317E-44D9-9CE7-DE93A6EB690A}"
EndProject
Project("{9A19103F-16F7-4668-BE54-9A1E7A4F7556}") = "Volo.Abp.PermissionManagement.EntityFrameworkCore", "modules\PermissionManagement\Volo.Abp.PermissionManagement.EntityFrameworkCore\Volo.Abp.PermissionManagement.EntityFrameworkCore.csproj", "{C7F71E9D-3DD6-4087-90F1-CF0FF3DBA714}"
EndProject
Project("{9A19103F-16F7-4668-BE54-9A1E7A4F7556}") = "Volo.Abp.PermissionManagement.Domain.Identity", "modules\IdentityManagement\Volo.Abp.PermissionManagement.Domain.Identity\Volo.Abp.PermissionManagement.Domain.Identity.csproj", "{8E56076B-072F-4A16-8FC3-3553515DA3E4}"
EndProject
Project("{2150E333-8FDC-42A3-9474-1A3956D46DE8}") = "IdentityServerManagement", "IdentityServerManagement", "{C5C3D661-6B15-4C5C-BBF6-8D5C44A52D2C}"
EndProject
Project("{9A19103F-16F7-4668-BE54-9A1E7A4F7556}") = "Volo.Abp.PermissionManagement.Domain.IdentityServer", "modules\IdentityServerManagement\Volo.Abp.PermissionManagement.Domain.IdentityServer\Volo.Abp.PermissionManagement.Domain.IdentityServer.csproj", "{B741CBC8-A902-4F02-A6D2-72C645E93D21}"
EndProject
Project("{9A19103F-16F7-4668-BE54-9A1E7A4F7556}") = "Volo.Abp.Identity.Domain", "modules\IdentityManagement\Volo.Abp.Identity.Domain\Volo.Abp.Identity.Domain.csproj", "{B3377CC1-164C-469B-B9BF-C8885500369E}"
EndProject
Project("{9A19103F-16F7-4668-BE54-9A1E7A4F7556}") = "Volo.Abp.Identity.Domain.Shared", "modules\IdentityManagement\Volo.Abp.Identity.Domain.Shared\Volo.Abp.Identity.Domain.Shared.csproj", "{CFA37D11-EE4A-47F7-9625-4FC8B8D8BD27}"
EndProject
Project("{9A19103F-16F7-4668-BE54-9A1E7A4F7556}") = "Volo.Abp.Identity.EntityFrameworkCore", "modules\IdentityManagement\Volo.Abp.Identity.EntityFrameworkCore\Volo.Abp.Identity.EntityFrameworkCore.csproj", "{CE6C1F22-E248-4752-82C0-EABAB2D464F3}"
EndProject
Project("{9A19103F-16F7-4668-BE54-9A1E7A4F7556}") = "Volo.Abp.IdentityServer.Domain", "modules\IdentityServerManagement\Volo.Abp.IdentityServer.Domain\Volo.Abp.IdentityServer.Domain.csproj", "{186294B7-7D7F-4C75-9C3C-591CEB2C8BA2}"
EndProject
Project("{9A19103F-16F7-4668-BE54-9A1E7A4F7556}") = "Volo.Abp.IdentityServer.Domain.Shared", "modules\IdentityServerManagement\Volo.Abp.IdentityServer.Domain.Shared\Volo.Abp.IdentityServer.Domain.Shared.csproj", "{B20F9399-0169-4CA2-8977-024BC7A41D90}"
EndProject
Project("{9A19103F-16F7-4668-BE54-9A1E7A4F7556}") = "Volo.Abp.IdentityServer.EntityFrameworkCore", "modules\IdentityServerManagement\Volo.Abp.IdentityServer.EntityFrameworkCore\Volo.Abp.IdentityServer.EntityFrameworkCore.csproj", "{C4F348EF-11F5-434C-AC9C-35C3492A62BF}"
EndProject
Project("{2150E333-8FDC-42A3-9474-1A3956D46DE8}") = "UsersManagement", "UsersManagement", "{94BF27B4-AA98-45B8-9118-E90506F2D6CB}"
EndProject
Project("{9A19103F-16F7-4668-BE54-9A1E7A4F7556}") = "Volo.Abp.Users.Abstractions", "modules\UsersManagement\Volo.Abp.Users.Abstractions\Volo.Abp.Users.Abstractions.csproj", "{B7A4AA71-FBDA-4322-BAAD-5D577C5FC329}"
EndProject
Project("{9A19103F-16F7-4668-BE54-9A1E7A4F7556}") = "Volo.Abp.Users.Domain", "modules\UsersManagement\Volo.Abp.Users.Domain\Volo.Abp.Users.Domain.csproj", "{12745A1E-F58C-4131-AC1C-A12C17241432}"
EndProject
Project("{9A19103F-16F7-4668-BE54-9A1E7A4F7556}") = "Volo.Abp.Users.Domain.Shared", "modules\UsersManagement\Volo.Abp.Users.Domain.Shared\Volo.Abp.Users.Domain.Shared.csproj", "{7BC04801-DDE4-4823-BC9E-FE951428408D}"
EndProject
Project("{9A19103F-16F7-4668-BE54-9A1E7A4F7556}") = "Volo.Abp.Users.EntityFrameworkCore", "modules\UsersManagement\Volo.Abp.Users.EntityFrameworkCore\Volo.Abp.Users.EntityFrameworkCore.csproj", "{9295188A-7522-4675-A3CB-1C2AA438BAB9}"
EndProject
Global
	GlobalSection(SolutionConfigurationPlatforms) = preSolution
		Debug|Any CPU = Debug|Any CPU
		Release|Any CPU = Release|Any CPU
	EndGlobalSection
	GlobalSection(ProjectConfigurationPlatforms) = postSolution
		{554AD327-6DBA-4F8F-96F8-81CE7A0C863F}.Debug|Any CPU.ActiveCfg = Debug|Any CPU
		{554AD327-6DBA-4F8F-96F8-81CE7A0C863F}.Debug|Any CPU.Build.0 = Debug|Any CPU
		{554AD327-6DBA-4F8F-96F8-81CE7A0C863F}.Release|Any CPU.ActiveCfg = Release|Any CPU
		{554AD327-6DBA-4F8F-96F8-81CE7A0C863F}.Release|Any CPU.Build.0 = Release|Any CPU
		{1A94A50E-06DC-43C1-80B5-B662820EC3EB}.Debug|Any CPU.ActiveCfg = Debug|Any CPU
		{1A94A50E-06DC-43C1-80B5-B662820EC3EB}.Debug|Any CPU.Build.0 = Debug|Any CPU
		{1A94A50E-06DC-43C1-80B5-B662820EC3EB}.Release|Any CPU.ActiveCfg = Release|Any CPU
		{1A94A50E-06DC-43C1-80B5-B662820EC3EB}.Release|Any CPU.Build.0 = Release|Any CPU
		{C956DD76-69C8-4A9C-83EA-D17DF83340FD}.Debug|Any CPU.ActiveCfg = Debug|Any CPU
		{C956DD76-69C8-4A9C-83EA-D17DF83340FD}.Debug|Any CPU.Build.0 = Debug|Any CPU
		{C956DD76-69C8-4A9C-83EA-D17DF83340FD}.Release|Any CPU.ActiveCfg = Release|Any CPU
		{C956DD76-69C8-4A9C-83EA-D17DF83340FD}.Release|Any CPU.Build.0 = Release|Any CPU
		{50B2631D-129C-47B3-A587-029CCD6099BC}.Debug|Any CPU.ActiveCfg = Debug|Any CPU
		{50B2631D-129C-47B3-A587-029CCD6099BC}.Debug|Any CPU.Build.0 = Debug|Any CPU
		{50B2631D-129C-47B3-A587-029CCD6099BC}.Release|Any CPU.ActiveCfg = Release|Any CPU
		{50B2631D-129C-47B3-A587-029CCD6099BC}.Release|Any CPU.Build.0 = Release|Any CPU
		{42F719ED-8413-4895-B5B4-5AB56079BC66}.Debug|Any CPU.ActiveCfg = Debug|Any CPU
		{42F719ED-8413-4895-B5B4-5AB56079BC66}.Debug|Any CPU.Build.0 = Debug|Any CPU
		{42F719ED-8413-4895-B5B4-5AB56079BC66}.Release|Any CPU.ActiveCfg = Release|Any CPU
		{42F719ED-8413-4895-B5B4-5AB56079BC66}.Release|Any CPU.Build.0 = Release|Any CPU
		{520659C8-C734-4298-A3DA-B539DB9DFC0B}.Debug|Any CPU.ActiveCfg = Debug|Any CPU
		{520659C8-C734-4298-A3DA-B539DB9DFC0B}.Debug|Any CPU.Build.0 = Debug|Any CPU
		{520659C8-C734-4298-A3DA-B539DB9DFC0B}.Release|Any CPU.ActiveCfg = Release|Any CPU
		{520659C8-C734-4298-A3DA-B539DB9DFC0B}.Release|Any CPU.Build.0 = Release|Any CPU
		{4164BDF7-F527-4E85-9CE6-E3C2D7426A27}.Debug|Any CPU.ActiveCfg = Debug|Any CPU
		{4164BDF7-F527-4E85-9CE6-E3C2D7426A27}.Debug|Any CPU.Build.0 = Debug|Any CPU
		{4164BDF7-F527-4E85-9CE6-E3C2D7426A27}.Release|Any CPU.ActiveCfg = Release|Any CPU
		{4164BDF7-F527-4E85-9CE6-E3C2D7426A27}.Release|Any CPU.Build.0 = Release|Any CPU
		{3B5A0094-670D-4BB1-BFDD-61B88A8773DC}.Debug|Any CPU.ActiveCfg = Debug|Any CPU
		{3B5A0094-670D-4BB1-BFDD-61B88A8773DC}.Debug|Any CPU.Build.0 = Debug|Any CPU
		{3B5A0094-670D-4BB1-BFDD-61B88A8773DC}.Release|Any CPU.ActiveCfg = Release|Any CPU
		{3B5A0094-670D-4BB1-BFDD-61B88A8773DC}.Release|Any CPU.Build.0 = Release|Any CPU
		{073C361E-B8F4-49F5-93CC-72A3FF49C026}.Debug|Any CPU.ActiveCfg = Debug|Any CPU
		{073C361E-B8F4-49F5-93CC-72A3FF49C026}.Debug|Any CPU.Build.0 = Debug|Any CPU
		{073C361E-B8F4-49F5-93CC-72A3FF49C026}.Release|Any CPU.ActiveCfg = Release|Any CPU
		{073C361E-B8F4-49F5-93CC-72A3FF49C026}.Release|Any CPU.Build.0 = Release|Any CPU
		{E6D5BF0E-DE92-4D82-A352-EF04B37CB11C}.Debug|Any CPU.ActiveCfg = Debug|Any CPU
		{E6D5BF0E-DE92-4D82-A352-EF04B37CB11C}.Debug|Any CPU.Build.0 = Debug|Any CPU
		{E6D5BF0E-DE92-4D82-A352-EF04B37CB11C}.Release|Any CPU.ActiveCfg = Release|Any CPU
		{E6D5BF0E-DE92-4D82-A352-EF04B37CB11C}.Release|Any CPU.Build.0 = Release|Any CPU
		{1FE30EB9-74A9-47F5-A9F6-7B1FAB672D81}.Debug|Any CPU.ActiveCfg = Debug|Any CPU
		{1FE30EB9-74A9-47F5-A9F6-7B1FAB672D81}.Debug|Any CPU.Build.0 = Debug|Any CPU
		{1FE30EB9-74A9-47F5-A9F6-7B1FAB672D81}.Release|Any CPU.ActiveCfg = Release|Any CPU
		{1FE30EB9-74A9-47F5-A9F6-7B1FAB672D81}.Release|Any CPU.Build.0 = Release|Any CPU
		{91853F21-9CD9-4132-BC29-A7D5D84FFFE7}.Debug|Any CPU.ActiveCfg = Debug|Any CPU
		{91853F21-9CD9-4132-BC29-A7D5D84FFFE7}.Debug|Any CPU.Build.0 = Debug|Any CPU
		{91853F21-9CD9-4132-BC29-A7D5D84FFFE7}.Release|Any CPU.ActiveCfg = Release|Any CPU
		{91853F21-9CD9-4132-BC29-A7D5D84FFFE7}.Release|Any CPU.Build.0 = Release|Any CPU
		{E512F4D9-9375-480F-A2F6-A46509F9D824}.Debug|Any CPU.ActiveCfg = Debug|Any CPU
		{E512F4D9-9375-480F-A2F6-A46509F9D824}.Debug|Any CPU.Build.0 = Debug|Any CPU
		{E512F4D9-9375-480F-A2F6-A46509F9D824}.Release|Any CPU.ActiveCfg = Release|Any CPU
		{E512F4D9-9375-480F-A2F6-A46509F9D824}.Release|Any CPU.Build.0 = Release|Any CPU
		{EF480016-9127-4916-8735-D2466BDBC582}.Debug|Any CPU.ActiveCfg = Debug|Any CPU
		{EF480016-9127-4916-8735-D2466BDBC582}.Debug|Any CPU.Build.0 = Debug|Any CPU
		{EF480016-9127-4916-8735-D2466BDBC582}.Release|Any CPU.ActiveCfg = Release|Any CPU
		{EF480016-9127-4916-8735-D2466BDBC582}.Release|Any CPU.Build.0 = Release|Any CPU
		{AA94D832-1CCC-4715-95A9-A483F23A1A5D}.Debug|Any CPU.ActiveCfg = Debug|Any CPU
		{AA94D832-1CCC-4715-95A9-A483F23A1A5D}.Debug|Any CPU.Build.0 = Debug|Any CPU
		{AA94D832-1CCC-4715-95A9-A483F23A1A5D}.Release|Any CPU.ActiveCfg = Release|Any CPU
		{AA94D832-1CCC-4715-95A9-A483F23A1A5D}.Release|Any CPU.Build.0 = Release|Any CPU
		{56566D9D-EBB9-478C-A43A-9332EC5DDCC3}.Debug|Any CPU.ActiveCfg = Debug|Any CPU
		{56566D9D-EBB9-478C-A43A-9332EC5DDCC3}.Debug|Any CPU.Build.0 = Debug|Any CPU
		{56566D9D-EBB9-478C-A43A-9332EC5DDCC3}.Release|Any CPU.ActiveCfg = Release|Any CPU
		{56566D9D-EBB9-478C-A43A-9332EC5DDCC3}.Release|Any CPU.Build.0 = Release|Any CPU
		{75BC0FF0-7CF8-430E-9E8E-37E811FF8FBA}.Debug|Any CPU.ActiveCfg = Debug|Any CPU
		{75BC0FF0-7CF8-430E-9E8E-37E811FF8FBA}.Debug|Any CPU.Build.0 = Debug|Any CPU
		{75BC0FF0-7CF8-430E-9E8E-37E811FF8FBA}.Release|Any CPU.ActiveCfg = Release|Any CPU
		{75BC0FF0-7CF8-430E-9E8E-37E811FF8FBA}.Release|Any CPU.Build.0 = Release|Any CPU
		{A91DA2D3-CDC6-45E7-A767-F235A43A2624}.Debug|Any CPU.ActiveCfg = Debug|Any CPU
		{A91DA2D3-CDC6-45E7-A767-F235A43A2624}.Debug|Any CPU.Build.0 = Debug|Any CPU
		{A91DA2D3-CDC6-45E7-A767-F235A43A2624}.Release|Any CPU.ActiveCfg = Release|Any CPU
		{A91DA2D3-CDC6-45E7-A767-F235A43A2624}.Release|Any CPU.Build.0 = Release|Any CPU
		{19439C9F-0927-4FCD-A01C-D543C14E60CF}.Debug|Any CPU.ActiveCfg = Debug|Any CPU
		{19439C9F-0927-4FCD-A01C-D543C14E60CF}.Debug|Any CPU.Build.0 = Debug|Any CPU
		{19439C9F-0927-4FCD-A01C-D543C14E60CF}.Release|Any CPU.ActiveCfg = Release|Any CPU
		{19439C9F-0927-4FCD-A01C-D543C14E60CF}.Release|Any CPU.Build.0 = Release|Any CPU
		{451A41C4-8FE0-46E4-A676-603B4549EF78}.Debug|Any CPU.ActiveCfg = Debug|Any CPU
		{451A41C4-8FE0-46E4-A676-603B4549EF78}.Debug|Any CPU.Build.0 = Debug|Any CPU
		{451A41C4-8FE0-46E4-A676-603B4549EF78}.Release|Any CPU.ActiveCfg = Release|Any CPU
		{451A41C4-8FE0-46E4-A676-603B4549EF78}.Release|Any CPU.Build.0 = Release|Any CPU
		{3C14B5CC-61CC-4780-BF6D-4FD02DC00261}.Debug|Any CPU.ActiveCfg = Debug|Any CPU
		{3C14B5CC-61CC-4780-BF6D-4FD02DC00261}.Debug|Any CPU.Build.0 = Debug|Any CPU
		{3C14B5CC-61CC-4780-BF6D-4FD02DC00261}.Release|Any CPU.ActiveCfg = Release|Any CPU
		{3C14B5CC-61CC-4780-BF6D-4FD02DC00261}.Release|Any CPU.Build.0 = Release|Any CPU
		{DBCBE9DC-B6EA-4B4B-AC87-9A63495ADDE1}.Debug|Any CPU.ActiveCfg = Debug|Any CPU
		{DBCBE9DC-B6EA-4B4B-AC87-9A63495ADDE1}.Debug|Any CPU.Build.0 = Debug|Any CPU
		{DBCBE9DC-B6EA-4B4B-AC87-9A63495ADDE1}.Release|Any CPU.ActiveCfg = Release|Any CPU
		{DBCBE9DC-B6EA-4B4B-AC87-9A63495ADDE1}.Release|Any CPU.Build.0 = Release|Any CPU
		{BDF99962-75F2-41CB-B38B-889FE00C3A7B}.Debug|Any CPU.ActiveCfg = Debug|Any CPU
		{BDF99962-75F2-41CB-B38B-889FE00C3A7B}.Debug|Any CPU.Build.0 = Debug|Any CPU
		{BDF99962-75F2-41CB-B38B-889FE00C3A7B}.Release|Any CPU.ActiveCfg = Release|Any CPU
		{BDF99962-75F2-41CB-B38B-889FE00C3A7B}.Release|Any CPU.Build.0 = Release|Any CPU
		{9A90DFEB-266A-43A4-B6C4-6E6D6367FE94}.Debug|Any CPU.ActiveCfg = Debug|Any CPU
		{9A90DFEB-266A-43A4-B6C4-6E6D6367FE94}.Debug|Any CPU.Build.0 = Debug|Any CPU
		{9A90DFEB-266A-43A4-B6C4-6E6D6367FE94}.Release|Any CPU.ActiveCfg = Release|Any CPU
		{9A90DFEB-266A-43A4-B6C4-6E6D6367FE94}.Release|Any CPU.Build.0 = Release|Any CPU
		{CC889A87-6E6A-462A-B299-AF653E5426FD}.Debug|Any CPU.ActiveCfg = Debug|Any CPU
		{CC889A87-6E6A-462A-B299-AF653E5426FD}.Debug|Any CPU.Build.0 = Debug|Any CPU
		{CC889A87-6E6A-462A-B299-AF653E5426FD}.Release|Any CPU.ActiveCfg = Release|Any CPU
		{CC889A87-6E6A-462A-B299-AF653E5426FD}.Release|Any CPU.Build.0 = Release|Any CPU
		{D999595C-C894-4BF6-AEC4-6A88ADD1E662}.Debug|Any CPU.ActiveCfg = Debug|Any CPU
		{D999595C-C894-4BF6-AEC4-6A88ADD1E662}.Debug|Any CPU.Build.0 = Debug|Any CPU
		{D999595C-C894-4BF6-AEC4-6A88ADD1E662}.Release|Any CPU.ActiveCfg = Release|Any CPU
		{D999595C-C894-4BF6-AEC4-6A88ADD1E662}.Release|Any CPU.Build.0 = Release|Any CPU
		{96D487F9-DE3B-4793-9244-CC555024DE01}.Debug|Any CPU.ActiveCfg = Debug|Any CPU
		{96D487F9-DE3B-4793-9244-CC555024DE01}.Debug|Any CPU.Build.0 = Debug|Any CPU
		{96D487F9-DE3B-4793-9244-CC555024DE01}.Release|Any CPU.ActiveCfg = Release|Any CPU
		{96D487F9-DE3B-4793-9244-CC555024DE01}.Release|Any CPU.Build.0 = Release|Any CPU
		{14D7D6E2-F7B3-4DAB-AF73-C7BD5C01970A}.Debug|Any CPU.ActiveCfg = Debug|Any CPU
		{14D7D6E2-F7B3-4DAB-AF73-C7BD5C01970A}.Debug|Any CPU.Build.0 = Debug|Any CPU
		{14D7D6E2-F7B3-4DAB-AF73-C7BD5C01970A}.Release|Any CPU.ActiveCfg = Release|Any CPU
		{14D7D6E2-F7B3-4DAB-AF73-C7BD5C01970A}.Release|Any CPU.Build.0 = Release|Any CPU
		{7166A4C4-0AF7-41DA-83FF-82406352DF34}.Debug|Any CPU.ActiveCfg = Debug|Any CPU
		{7166A4C4-0AF7-41DA-83FF-82406352DF34}.Debug|Any CPU.Build.0 = Debug|Any CPU
		{7166A4C4-0AF7-41DA-83FF-82406352DF34}.Release|Any CPU.ActiveCfg = Release|Any CPU
		{7166A4C4-0AF7-41DA-83FF-82406352DF34}.Release|Any CPU.Build.0 = Release|Any CPU
		{77E40BC7-E8EB-4582-9C9A-87397C8D4D80}.Debug|Any CPU.ActiveCfg = Debug|Any CPU
		{77E40BC7-E8EB-4582-9C9A-87397C8D4D80}.Debug|Any CPU.Build.0 = Debug|Any CPU
		{77E40BC7-E8EB-4582-9C9A-87397C8D4D80}.Release|Any CPU.ActiveCfg = Release|Any CPU
		{77E40BC7-E8EB-4582-9C9A-87397C8D4D80}.Release|Any CPU.Build.0 = Release|Any CPU
		{DC9033C8-3AC5-495C-AAAD-DB723920C4CC}.Debug|Any CPU.ActiveCfg = Debug|Any CPU
		{DC9033C8-3AC5-495C-AAAD-DB723920C4CC}.Debug|Any CPU.Build.0 = Debug|Any CPU
		{DC9033C8-3AC5-495C-AAAD-DB723920C4CC}.Release|Any CPU.ActiveCfg = Release|Any CPU
		{DC9033C8-3AC5-495C-AAAD-DB723920C4CC}.Release|Any CPU.Build.0 = Release|Any CPU
		{52EB4196-41CC-43C7-B31E-922C93575C6C}.Debug|Any CPU.ActiveCfg = Debug|Any CPU
		{52EB4196-41CC-43C7-B31E-922C93575C6C}.Debug|Any CPU.Build.0 = Debug|Any CPU
		{52EB4196-41CC-43C7-B31E-922C93575C6C}.Release|Any CPU.ActiveCfg = Release|Any CPU
		{52EB4196-41CC-43C7-B31E-922C93575C6C}.Release|Any CPU.Build.0 = Release|Any CPU
		{B1DEE65A-1675-4979-BA5A-26FD847188D9}.Debug|Any CPU.ActiveCfg = Debug|Any CPU
		{B1DEE65A-1675-4979-BA5A-26FD847188D9}.Debug|Any CPU.Build.0 = Debug|Any CPU
		{B1DEE65A-1675-4979-BA5A-26FD847188D9}.Release|Any CPU.ActiveCfg = Release|Any CPU
		{B1DEE65A-1675-4979-BA5A-26FD847188D9}.Release|Any CPU.Build.0 = Release|Any CPU
		{5600D9D2-3701-4035-B5BB-EFBADC4E4FD9}.Debug|Any CPU.ActiveCfg = Debug|Any CPU
		{5600D9D2-3701-4035-B5BB-EFBADC4E4FD9}.Debug|Any CPU.Build.0 = Debug|Any CPU
		{5600D9D2-3701-4035-B5BB-EFBADC4E4FD9}.Release|Any CPU.ActiveCfg = Release|Any CPU
		{5600D9D2-3701-4035-B5BB-EFBADC4E4FD9}.Release|Any CPU.Build.0 = Release|Any CPU
		{DCA813D6-F645-49C3-A6E5-F5D7EA3D7485}.Debug|Any CPU.ActiveCfg = Debug|Any CPU
		{DCA813D6-F645-49C3-A6E5-F5D7EA3D7485}.Debug|Any CPU.Build.0 = Debug|Any CPU
		{DCA813D6-F645-49C3-A6E5-F5D7EA3D7485}.Release|Any CPU.ActiveCfg = Release|Any CPU
		{DCA813D6-F645-49C3-A6E5-F5D7EA3D7485}.Release|Any CPU.Build.0 = Release|Any CPU
		{D115EEE0-3796-4866-8DB1-2F89F4784244}.Debug|Any CPU.ActiveCfg = Debug|Any CPU
		{D115EEE0-3796-4866-8DB1-2F89F4784244}.Debug|Any CPU.Build.0 = Debug|Any CPU
		{D115EEE0-3796-4866-8DB1-2F89F4784244}.Release|Any CPU.ActiveCfg = Release|Any CPU
		{D115EEE0-3796-4866-8DB1-2F89F4784244}.Release|Any CPU.Build.0 = Release|Any CPU
		{902D444B-C0B4-4C23-8C3C-77F7D18C29E3}.Debug|Any CPU.ActiveCfg = Debug|Any CPU
		{902D444B-C0B4-4C23-8C3C-77F7D18C29E3}.Debug|Any CPU.Build.0 = Debug|Any CPU
		{902D444B-C0B4-4C23-8C3C-77F7D18C29E3}.Release|Any CPU.ActiveCfg = Release|Any CPU
		{902D444B-C0B4-4C23-8C3C-77F7D18C29E3}.Release|Any CPU.Build.0 = Release|Any CPU
		{D0662CF4-C762-46F3-B268-7B026F498A79}.Debug|Any CPU.ActiveCfg = Debug|Any CPU
		{D0662CF4-C762-46F3-B268-7B026F498A79}.Debug|Any CPU.Build.0 = Debug|Any CPU
		{D0662CF4-C762-46F3-B268-7B026F498A79}.Release|Any CPU.ActiveCfg = Release|Any CPU
		{D0662CF4-C762-46F3-B268-7B026F498A79}.Release|Any CPU.Build.0 = Release|Any CPU
		{D23A3712-3062-4D20-A04D-F6C9BE213580}.Debug|Any CPU.ActiveCfg = Debug|Any CPU
		{D23A3712-3062-4D20-A04D-F6C9BE213580}.Debug|Any CPU.Build.0 = Debug|Any CPU
		{D23A3712-3062-4D20-A04D-F6C9BE213580}.Release|Any CPU.ActiveCfg = Release|Any CPU
		{D23A3712-3062-4D20-A04D-F6C9BE213580}.Release|Any CPU.Build.0 = Release|Any CPU
		{5B935D70-F9F9-4573-9686-757F59089E8E}.Debug|Any CPU.ActiveCfg = Debug|Any CPU
		{5B935D70-F9F9-4573-9686-757F59089E8E}.Debug|Any CPU.Build.0 = Debug|Any CPU
		{5B935D70-F9F9-4573-9686-757F59089E8E}.Release|Any CPU.ActiveCfg = Release|Any CPU
		{5B935D70-F9F9-4573-9686-757F59089E8E}.Release|Any CPU.Build.0 = Release|Any CPU
		{368CD967-39E0-4F92-B352-97C237B9E6AF}.Debug|Any CPU.ActiveCfg = Debug|Any CPU
		{368CD967-39E0-4F92-B352-97C237B9E6AF}.Debug|Any CPU.Build.0 = Debug|Any CPU
		{368CD967-39E0-4F92-B352-97C237B9E6AF}.Release|Any CPU.ActiveCfg = Release|Any CPU
		{368CD967-39E0-4F92-B352-97C237B9E6AF}.Release|Any CPU.Build.0 = Release|Any CPU
		{3D5ACAD7-13C2-4237-9EAB-19D80C1D894C}.Debug|Any CPU.ActiveCfg = Debug|Any CPU
		{3D5ACAD7-13C2-4237-9EAB-19D80C1D894C}.Debug|Any CPU.Build.0 = Debug|Any CPU
		{3D5ACAD7-13C2-4237-9EAB-19D80C1D894C}.Release|Any CPU.ActiveCfg = Release|Any CPU
		{3D5ACAD7-13C2-4237-9EAB-19D80C1D894C}.Release|Any CPU.Build.0 = Release|Any CPU
		{6B5CFB87-72D8-4D40-8537-039D7C3DCB9A}.Debug|Any CPU.ActiveCfg = Debug|Any CPU
		{6B5CFB87-72D8-4D40-8537-039D7C3DCB9A}.Debug|Any CPU.Build.0 = Debug|Any CPU
		{6B5CFB87-72D8-4D40-8537-039D7C3DCB9A}.Release|Any CPU.ActiveCfg = Release|Any CPU
		{6B5CFB87-72D8-4D40-8537-039D7C3DCB9A}.Release|Any CPU.Build.0 = Release|Any CPU
		{CD0BA4EE-5953-4761-B9CF-4331B8034D0F}.Debug|Any CPU.ActiveCfg = Debug|Any CPU
		{CD0BA4EE-5953-4761-B9CF-4331B8034D0F}.Debug|Any CPU.Build.0 = Debug|Any CPU
		{CD0BA4EE-5953-4761-B9CF-4331B8034D0F}.Release|Any CPU.ActiveCfg = Release|Any CPU
		{CD0BA4EE-5953-4761-B9CF-4331B8034D0F}.Release|Any CPU.Build.0 = Release|Any CPU
		{281D3DDB-FDC2-4985-AD38-446B5AFD8027}.Debug|Any CPU.ActiveCfg = Debug|Any CPU
		{281D3DDB-FDC2-4985-AD38-446B5AFD8027}.Debug|Any CPU.Build.0 = Debug|Any CPU
		{281D3DDB-FDC2-4985-AD38-446B5AFD8027}.Release|Any CPU.ActiveCfg = Release|Any CPU
		{281D3DDB-FDC2-4985-AD38-446B5AFD8027}.Release|Any CPU.Build.0 = Release|Any CPU
		{E830F4FF-94C4-4F3F-BDC6-D78E9228D086}.Debug|Any CPU.ActiveCfg = Debug|Any CPU
		{E830F4FF-94C4-4F3F-BDC6-D78E9228D086}.Debug|Any CPU.Build.0 = Debug|Any CPU
		{E830F4FF-94C4-4F3F-BDC6-D78E9228D086}.Release|Any CPU.ActiveCfg = Release|Any CPU
		{E830F4FF-94C4-4F3F-BDC6-D78E9228D086}.Release|Any CPU.Build.0 = Release|Any CPU
		{0058D650-E0C9-452E-9FD4-9BFE34F7AC03}.Debug|Any CPU.ActiveCfg = Debug|Any CPU
		{0058D650-E0C9-452E-9FD4-9BFE34F7AC03}.Debug|Any CPU.Build.0 = Debug|Any CPU
		{0058D650-E0C9-452E-9FD4-9BFE34F7AC03}.Release|Any CPU.ActiveCfg = Release|Any CPU
		{0058D650-E0C9-452E-9FD4-9BFE34F7AC03}.Release|Any CPU.Build.0 = Release|Any CPU
		{307F8CA0-1DC5-4EB0-A4A1-4DCB3691CB2C}.Debug|Any CPU.ActiveCfg = Debug|Any CPU
		{307F8CA0-1DC5-4EB0-A4A1-4DCB3691CB2C}.Debug|Any CPU.Build.0 = Debug|Any CPU
		{307F8CA0-1DC5-4EB0-A4A1-4DCB3691CB2C}.Release|Any CPU.ActiveCfg = Release|Any CPU
		{307F8CA0-1DC5-4EB0-A4A1-4DCB3691CB2C}.Release|Any CPU.Build.0 = Release|Any CPU
		{D70CE0F7-8ED8-4F3E-B7E1-C2F3F71CD88F}.Debug|Any CPU.ActiveCfg = Debug|Any CPU
		{D70CE0F7-8ED8-4F3E-B7E1-C2F3F71CD88F}.Debug|Any CPU.Build.0 = Debug|Any CPU
		{D70CE0F7-8ED8-4F3E-B7E1-C2F3F71CD88F}.Release|Any CPU.ActiveCfg = Release|Any CPU
		{D70CE0F7-8ED8-4F3E-B7E1-C2F3F71CD88F}.Release|Any CPU.Build.0 = Release|Any CPU
		{DC131E86-DCBA-4B80-949B-FCAEA7B9D05C}.Debug|Any CPU.ActiveCfg = Debug|Any CPU
		{DC131E86-DCBA-4B80-949B-FCAEA7B9D05C}.Debug|Any CPU.Build.0 = Debug|Any CPU
		{DC131E86-DCBA-4B80-949B-FCAEA7B9D05C}.Release|Any CPU.ActiveCfg = Release|Any CPU
		{DC131E86-DCBA-4B80-949B-FCAEA7B9D05C}.Release|Any CPU.Build.0 = Release|Any CPU
		{23A4CDA0-BDDD-4035-8A53-9DFD46ADFE0E}.Debug|Any CPU.ActiveCfg = Debug|Any CPU
		{23A4CDA0-BDDD-4035-8A53-9DFD46ADFE0E}.Debug|Any CPU.Build.0 = Debug|Any CPU
		{23A4CDA0-BDDD-4035-8A53-9DFD46ADFE0E}.Release|Any CPU.ActiveCfg = Release|Any CPU
		{23A4CDA0-BDDD-4035-8A53-9DFD46ADFE0E}.Release|Any CPU.Build.0 = Release|Any CPU
		{A8BA6002-317E-44D9-9CE7-DE93A6EB690A}.Debug|Any CPU.ActiveCfg = Debug|Any CPU
		{A8BA6002-317E-44D9-9CE7-DE93A6EB690A}.Debug|Any CPU.Build.0 = Debug|Any CPU
		{A8BA6002-317E-44D9-9CE7-DE93A6EB690A}.Release|Any CPU.ActiveCfg = Release|Any CPU
		{A8BA6002-317E-44D9-9CE7-DE93A6EB690A}.Release|Any CPU.Build.0 = Release|Any CPU
		{C7F71E9D-3DD6-4087-90F1-CF0FF3DBA714}.Debug|Any CPU.ActiveCfg = Debug|Any CPU
		{C7F71E9D-3DD6-4087-90F1-CF0FF3DBA714}.Debug|Any CPU.Build.0 = Debug|Any CPU
		{C7F71E9D-3DD6-4087-90F1-CF0FF3DBA714}.Release|Any CPU.ActiveCfg = Release|Any CPU
		{C7F71E9D-3DD6-4087-90F1-CF0FF3DBA714}.Release|Any CPU.Build.0 = Release|Any CPU
		{8E56076B-072F-4A16-8FC3-3553515DA3E4}.Debug|Any CPU.ActiveCfg = Debug|Any CPU
		{8E56076B-072F-4A16-8FC3-3553515DA3E4}.Debug|Any CPU.Build.0 = Debug|Any CPU
		{8E56076B-072F-4A16-8FC3-3553515DA3E4}.Release|Any CPU.ActiveCfg = Release|Any CPU
		{8E56076B-072F-4A16-8FC3-3553515DA3E4}.Release|Any CPU.Build.0 = Release|Any CPU
		{B741CBC8-A902-4F02-A6D2-72C645E93D21}.Debug|Any CPU.ActiveCfg = Debug|Any CPU
		{B741CBC8-A902-4F02-A6D2-72C645E93D21}.Debug|Any CPU.Build.0 = Debug|Any CPU
		{B741CBC8-A902-4F02-A6D2-72C645E93D21}.Release|Any CPU.ActiveCfg = Release|Any CPU
		{B741CBC8-A902-4F02-A6D2-72C645E93D21}.Release|Any CPU.Build.0 = Release|Any CPU
		{B3377CC1-164C-469B-B9BF-C8885500369E}.Debug|Any CPU.ActiveCfg = Debug|Any CPU
		{B3377CC1-164C-469B-B9BF-C8885500369E}.Debug|Any CPU.Build.0 = Debug|Any CPU
		{B3377CC1-164C-469B-B9BF-C8885500369E}.Release|Any CPU.ActiveCfg = Release|Any CPU
		{B3377CC1-164C-469B-B9BF-C8885500369E}.Release|Any CPU.Build.0 = Release|Any CPU
		{CFA37D11-EE4A-47F7-9625-4FC8B8D8BD27}.Debug|Any CPU.ActiveCfg = Debug|Any CPU
		{CFA37D11-EE4A-47F7-9625-4FC8B8D8BD27}.Debug|Any CPU.Build.0 = Debug|Any CPU
		{CFA37D11-EE4A-47F7-9625-4FC8B8D8BD27}.Release|Any CPU.ActiveCfg = Release|Any CPU
		{CFA37D11-EE4A-47F7-9625-4FC8B8D8BD27}.Release|Any CPU.Build.0 = Release|Any CPU
		{CE6C1F22-E248-4752-82C0-EABAB2D464F3}.Debug|Any CPU.ActiveCfg = Debug|Any CPU
		{CE6C1F22-E248-4752-82C0-EABAB2D464F3}.Debug|Any CPU.Build.0 = Debug|Any CPU
		{CE6C1F22-E248-4752-82C0-EABAB2D464F3}.Release|Any CPU.ActiveCfg = Release|Any CPU
		{CE6C1F22-E248-4752-82C0-EABAB2D464F3}.Release|Any CPU.Build.0 = Release|Any CPU
		{186294B7-7D7F-4C75-9C3C-591CEB2C8BA2}.Debug|Any CPU.ActiveCfg = Debug|Any CPU
		{186294B7-7D7F-4C75-9C3C-591CEB2C8BA2}.Debug|Any CPU.Build.0 = Debug|Any CPU
		{186294B7-7D7F-4C75-9C3C-591CEB2C8BA2}.Release|Any CPU.ActiveCfg = Release|Any CPU
		{186294B7-7D7F-4C75-9C3C-591CEB2C8BA2}.Release|Any CPU.Build.0 = Release|Any CPU
		{B20F9399-0169-4CA2-8977-024BC7A41D90}.Debug|Any CPU.ActiveCfg = Debug|Any CPU
		{B20F9399-0169-4CA2-8977-024BC7A41D90}.Debug|Any CPU.Build.0 = Debug|Any CPU
		{B20F9399-0169-4CA2-8977-024BC7A41D90}.Release|Any CPU.ActiveCfg = Release|Any CPU
		{B20F9399-0169-4CA2-8977-024BC7A41D90}.Release|Any CPU.Build.0 = Release|Any CPU
		{C4F348EF-11F5-434C-AC9C-35C3492A62BF}.Debug|Any CPU.ActiveCfg = Debug|Any CPU
		{C4F348EF-11F5-434C-AC9C-35C3492A62BF}.Debug|Any CPU.Build.0 = Debug|Any CPU
		{C4F348EF-11F5-434C-AC9C-35C3492A62BF}.Release|Any CPU.ActiveCfg = Release|Any CPU
		{C4F348EF-11F5-434C-AC9C-35C3492A62BF}.Release|Any CPU.Build.0 = Release|Any CPU
		{B7A4AA71-FBDA-4322-BAAD-5D577C5FC329}.Debug|Any CPU.ActiveCfg = Debug|Any CPU
		{B7A4AA71-FBDA-4322-BAAD-5D577C5FC329}.Debug|Any CPU.Build.0 = Debug|Any CPU
		{B7A4AA71-FBDA-4322-BAAD-5D577C5FC329}.Release|Any CPU.ActiveCfg = Release|Any CPU
		{B7A4AA71-FBDA-4322-BAAD-5D577C5FC329}.Release|Any CPU.Build.0 = Release|Any CPU
		{12745A1E-F58C-4131-AC1C-A12C17241432}.Debug|Any CPU.ActiveCfg = Debug|Any CPU
		{12745A1E-F58C-4131-AC1C-A12C17241432}.Debug|Any CPU.Build.0 = Debug|Any CPU
		{12745A1E-F58C-4131-AC1C-A12C17241432}.Release|Any CPU.ActiveCfg = Release|Any CPU
		{12745A1E-F58C-4131-AC1C-A12C17241432}.Release|Any CPU.Build.0 = Release|Any CPU
		{7BC04801-DDE4-4823-BC9E-FE951428408D}.Debug|Any CPU.ActiveCfg = Debug|Any CPU
		{7BC04801-DDE4-4823-BC9E-FE951428408D}.Debug|Any CPU.Build.0 = Debug|Any CPU
		{7BC04801-DDE4-4823-BC9E-FE951428408D}.Release|Any CPU.ActiveCfg = Release|Any CPU
		{7BC04801-DDE4-4823-BC9E-FE951428408D}.Release|Any CPU.Build.0 = Release|Any CPU
		{9295188A-7522-4675-A3CB-1C2AA438BAB9}.Debug|Any CPU.ActiveCfg = Debug|Any CPU
		{9295188A-7522-4675-A3CB-1C2AA438BAB9}.Debug|Any CPU.Build.0 = Debug|Any CPU
		{9295188A-7522-4675-A3CB-1C2AA438BAB9}.Release|Any CPU.ActiveCfg = Release|Any CPU
		{9295188A-7522-4675-A3CB-1C2AA438BAB9}.Release|Any CPU.Build.0 = Release|Any CPU
	EndGlobalSection
	GlobalSection(SolutionProperties) = preSolution
		HideSolutionNode = FALSE
	EndGlobalSection
	GlobalSection(NestedProjects) = preSolution
		{554AD327-6DBA-4F8F-96F8-81CE7A0C863F} = {CA9AC87F-097E-4F15-8393-4BC07735A5B0}
		{1A94A50E-06DC-43C1-80B5-B662820EC3EB} = {CA9AC87F-097E-4F15-8393-4BC07735A5B0}
		{C956DD76-69C8-4A9C-83EA-D17DF83340FD} = {CA9AC87F-097E-4F15-8393-4BC07735A5B0}
		{50B2631D-129C-47B3-A587-029CCD6099BC} = {04DBDB01-70F4-4E06-B468-8F87850B22BE}
		{42F719ED-8413-4895-B5B4-5AB56079BC66} = {CA9AC87F-097E-4F15-8393-4BC07735A5B0}
		{520659C8-C734-4298-A3DA-B539DB9DFC0B} = {CA9AC87F-097E-4F15-8393-4BC07735A5B0}
		{4164BDF7-F527-4E85-9CE6-E3C2D7426A27} = {CA9AC87F-097E-4F15-8393-4BC07735A5B0}
		{3B5A0094-670D-4BB1-BFDD-61B88A8773DC} = {DCFB2033-B671-4A08-8C83-35BC7833C7E9}
		{073C361E-B8F4-49F5-93CC-72A3FF49C026} = {CA9AC87F-097E-4F15-8393-4BC07735A5B0}
		{E6D5BF0E-DE92-4D82-A352-EF04B37CB11C} = {CA9AC87F-097E-4F15-8393-4BC07735A5B0}
		{1FE30EB9-74A9-47F5-A9F6-7B1FAB672D81} = {04DBDB01-70F4-4E06-B468-8F87850B22BE}
		{91853F21-9CD9-4132-BC29-A7D5D84FFFE7} = {04DBDB01-70F4-4E06-B468-8F87850B22BE}
		{E512F4D9-9375-480F-A2F6-A46509F9D824} = {04DBDB01-70F4-4E06-B468-8F87850B22BE}
		{EF480016-9127-4916-8735-D2466BDBC582} = {04DBDB01-70F4-4E06-B468-8F87850B22BE}
		{AA94D832-1CCC-4715-95A9-A483F23A1A5D} = {DCFB2033-B671-4A08-8C83-35BC7833C7E9}
		{97810C79-5A55-4C83-8A3A-FCD67E516C6B} = {81FE1559-872E-4F5C-AE4C-25EFEDD811DC}
		{56566D9D-EBB9-478C-A43A-9332EC5DDCC3} = {97810C79-5A55-4C83-8A3A-FCD67E516C6B}
		{75BC0FF0-7CF8-430E-9E8E-37E811FF8FBA} = {97810C79-5A55-4C83-8A3A-FCD67E516C6B}
		{A91DA2D3-CDC6-45E7-A767-F235A43A2624} = {97810C79-5A55-4C83-8A3A-FCD67E516C6B}
		{19439C9F-0927-4FCD-A01C-D543C14E60CF} = {97810C79-5A55-4C83-8A3A-FCD67E516C6B}
		{F610F5E8-2524-4187-BAE2-D115EE43E6CE} = {81FE1559-872E-4F5C-AE4C-25EFEDD811DC}
		{451A41C4-8FE0-46E4-A676-603B4549EF78} = {F610F5E8-2524-4187-BAE2-D115EE43E6CE}
		{3C14B5CC-61CC-4780-BF6D-4FD02DC00261} = {F610F5E8-2524-4187-BAE2-D115EE43E6CE}
		{DBCBE9DC-B6EA-4B4B-AC87-9A63495ADDE1} = {F610F5E8-2524-4187-BAE2-D115EE43E6CE}
		{BDF99962-75F2-41CB-B38B-889FE00C3A7B} = {F610F5E8-2524-4187-BAE2-D115EE43E6CE}
		{BD5D471B-7749-493C-A698-1505854BC69A} = {81FE1559-872E-4F5C-AE4C-25EFEDD811DC}
		{9A90DFEB-266A-43A4-B6C4-6E6D6367FE94} = {BD5D471B-7749-493C-A698-1505854BC69A}
		{CC889A87-6E6A-462A-B299-AF653E5426FD} = {BD5D471B-7749-493C-A698-1505854BC69A}
		{D999595C-C894-4BF6-AEC4-6A88ADD1E662} = {BD5D471B-7749-493C-A698-1505854BC69A}
		{96D487F9-DE3B-4793-9244-CC555024DE01} = {BD5D471B-7749-493C-A698-1505854BC69A}
		{8D4D993F-8D98-4186-AA68-3713D3D1E539} = {81FE1559-872E-4F5C-AE4C-25EFEDD811DC}
		{14D7D6E2-F7B3-4DAB-AF73-C7BD5C01970A} = {8D4D993F-8D98-4186-AA68-3713D3D1E539}
		{7166A4C4-0AF7-41DA-83FF-82406352DF34} = {8D4D993F-8D98-4186-AA68-3713D3D1E539}
		{77E40BC7-E8EB-4582-9C9A-87397C8D4D80} = {8D4D993F-8D98-4186-AA68-3713D3D1E539}
		{DC9033C8-3AC5-495C-AAAD-DB723920C4CC} = {8D4D993F-8D98-4186-AA68-3713D3D1E539}
		{1696FB2C-9835-4AC5-A87E-68A0076240D2} = {81FE1559-872E-4F5C-AE4C-25EFEDD811DC}
		{52EB4196-41CC-43C7-B31E-922C93575C6C} = {1696FB2C-9835-4AC5-A87E-68A0076240D2}
		{B1DEE65A-1675-4979-BA5A-26FD847188D9} = {1696FB2C-9835-4AC5-A87E-68A0076240D2}
		{5600D9D2-3701-4035-B5BB-EFBADC4E4FD9} = {1696FB2C-9835-4AC5-A87E-68A0076240D2}
		{DCA813D6-F645-49C3-A6E5-F5D7EA3D7485} = {1696FB2C-9835-4AC5-A87E-68A0076240D2}
		{592B3D40-4392-4C04-B689-A7BB531FDB04} = {81FE1559-872E-4F5C-AE4C-25EFEDD811DC}
		{D115EEE0-3796-4866-8DB1-2F89F4784244} = {592B3D40-4392-4C04-B689-A7BB531FDB04}
		{902D444B-C0B4-4C23-8C3C-77F7D18C29E3} = {592B3D40-4392-4C04-B689-A7BB531FDB04}
		{D0662CF4-C762-46F3-B268-7B026F498A79} = {592B3D40-4392-4C04-B689-A7BB531FDB04}
		{D23A3712-3062-4D20-A04D-F6C9BE213580} = {592B3D40-4392-4C04-B689-A7BB531FDB04}
		{5B935D70-F9F9-4573-9686-757F59089E8E} = {1696FB2C-9835-4AC5-A87E-68A0076240D2}
		{368CD967-39E0-4F92-B352-97C237B9E6AF} = {1696FB2C-9835-4AC5-A87E-68A0076240D2}
		{3D5ACAD7-13C2-4237-9EAB-19D80C1D894C} = {97810C79-5A55-4C83-8A3A-FCD67E516C6B}
		{6B5CFB87-72D8-4D40-8537-039D7C3DCB9A} = {97810C79-5A55-4C83-8A3A-FCD67E516C6B}
		{CD0BA4EE-5953-4761-B9CF-4331B8034D0F} = {97810C79-5A55-4C83-8A3A-FCD67E516C6B}
		{281D3DDB-FDC2-4985-AD38-446B5AFD8027} = {BD5D471B-7749-493C-A698-1505854BC69A}
		{E830F4FF-94C4-4F3F-BDC6-D78E9228D086} = {BD5D471B-7749-493C-A698-1505854BC69A}
		{0058D650-E0C9-452E-9FD4-9BFE34F7AC03} = {BD5D471B-7749-493C-A698-1505854BC69A}
		{307F8CA0-1DC5-4EB0-A4A1-4DCB3691CB2C} = {F610F5E8-2524-4187-BAE2-D115EE43E6CE}
		{D70CE0F7-8ED8-4F3E-B7E1-C2F3F71CD88F} = {F610F5E8-2524-4187-BAE2-D115EE43E6CE}
		{DC131E86-DCBA-4B80-949B-FCAEA7B9D05C} = {F610F5E8-2524-4187-BAE2-D115EE43E6CE}
		{23A4CDA0-BDDD-4035-8A53-9DFD46ADFE0E} = {8D4D993F-8D98-4186-AA68-3713D3D1E539}
		{A8BA6002-317E-44D9-9CE7-DE93A6EB690A} = {8D4D993F-8D98-4186-AA68-3713D3D1E539}
		{C7F71E9D-3DD6-4087-90F1-CF0FF3DBA714} = {8D4D993F-8D98-4186-AA68-3713D3D1E539}
		{8E56076B-072F-4A16-8FC3-3553515DA3E4} = {592B3D40-4392-4C04-B689-A7BB531FDB04}
		{C5C3D661-6B15-4C5C-BBF6-8D5C44A52D2C} = {81FE1559-872E-4F5C-AE4C-25EFEDD811DC}
		{B741CBC8-A902-4F02-A6D2-72C645E93D21} = {C5C3D661-6B15-4C5C-BBF6-8D5C44A52D2C}
		{B3377CC1-164C-469B-B9BF-C8885500369E} = {592B3D40-4392-4C04-B689-A7BB531FDB04}
		{CFA37D11-EE4A-47F7-9625-4FC8B8D8BD27} = {592B3D40-4392-4C04-B689-A7BB531FDB04}
		{CE6C1F22-E248-4752-82C0-EABAB2D464F3} = {592B3D40-4392-4C04-B689-A7BB531FDB04}
		{186294B7-7D7F-4C75-9C3C-591CEB2C8BA2} = {C5C3D661-6B15-4C5C-BBF6-8D5C44A52D2C}
		{B20F9399-0169-4CA2-8977-024BC7A41D90} = {C5C3D661-6B15-4C5C-BBF6-8D5C44A52D2C}
		{C4F348EF-11F5-434C-AC9C-35C3492A62BF} = {C5C3D661-6B15-4C5C-BBF6-8D5C44A52D2C}
		{94BF27B4-AA98-45B8-9118-E90506F2D6CB} = {81FE1559-872E-4F5C-AE4C-25EFEDD811DC}
		{B7A4AA71-FBDA-4322-BAAD-5D577C5FC329} = {94BF27B4-AA98-45B8-9118-E90506F2D6CB}
		{12745A1E-F58C-4131-AC1C-A12C17241432} = {94BF27B4-AA98-45B8-9118-E90506F2D6CB}
		{7BC04801-DDE4-4823-BC9E-FE951428408D} = {94BF27B4-AA98-45B8-9118-E90506F2D6CB}
		{9295188A-7522-4675-A3CB-1C2AA438BAB9} = {94BF27B4-AA98-45B8-9118-E90506F2D6CB}
	EndGlobalSection
	GlobalSection(ExtensibilityGlobals) = postSolution
		SolutionGuid = {28315BFD-90E7-4E14-A2EA-F3D23AF4126F}
	EndGlobalSection
EndGlobal
